PODS:
  - Alamofire (5.8.0)
  - Differentiator (5.0.0)
  - Kingfisher (7.9.1)
  - Moya (15.0.0):
    - Moya/Core (= 15.0.0)
  - Moya/Core (15.0.0):
    - Alamofire (~> 5.0)
  - Moya/RxSwift (15.0.0):
    - Moya/Core
    - RxSwift (~> 6.0)
  - R.swift (7.3.2)
  - RxCocoa (6.5.0):
    - RxRelay (= 6.5.0)
    - RxSwift (= 6.5.0)
  - RxDataSources (5.0.0):
    - Differentiator (~> 5.0)
    - RxCocoa (~> 6.0)
    - RxSwift (~> 6.0)
  - RxRelay (6.5.0):
    - RxSwift (= 6.5.0)
  - RxSwift (6.5.0)
  - SnapKit (5.6.0)
  - Then (3.0.0)
  - URLNavigator (2.5.1)

DEPENDENCIES:
  - Kingfisher (~> 7.9.1)
  - Moya (~> 15.0.0)
  - Moya/RxSwift (~> 15.0.0)
  - R.swift (~> 7.3.2)
  - RxCocoa (~> 6.5.0)
  - RxDataSources (~> 5.0)
  - RxSwift (~> 6.5.0)
  - SnapKit (~> 5.6.0)
  - Then (~> 3.0.0)
  - URLNavigator (~> 2.5.1)

SPEC REPOS:
  trunk:
    - Alamofire
    - Differentiator
    - Kingfisher
    - Moya
    - R.swift
    - RxCocoa
    - RxDataSources
    - RxRelay
    - RxSwift
    - SnapKit
    - Then
    - URLNavigator

SPEC CHECKSUMS:
  Alamofire: 0e92e751b3e9e66d7982db43919d01f313b8eb91
  Differentiator: e8497ceab83c1b10ca233716d547b9af21b9344d
  Kingfisher: 1d14e9f59cbe19389f591c929000332bf70efd32
  Moya: 138f0573e53411fb3dc17016add0b748dfbd78ee
  R.swift: 0af0d882f49f03711415cb4e5215daa977d8a480
  RxCocoa: 94f817b71c07517321eb4f9ad299112ca8af743b
  RxDataSources: aa47cc1ed6c500fa0dfecac5c979b723542d79cf
  RxRelay: 1de1523e604c72b6c68feadedd1af3b1b4d0ecbd
  RxSwift: 5710a9e6b17f3c3d6e40d6e559b9fa1e813b2ef8
  SnapKit: e01d52ebb8ddbc333eefe2132acf85c8227d9c25
  Then: 844265ae87834bbe1147d91d5d41a404da2ec27d
  URLNavigator: e9c0426ba6e6ac57f34d018bbf3df840797f984d

PODFILE CHECKSUM: 35ca296c88c2f040abedd33fcc963abad004c5e6

COCOAPODS: 1.13.0
