// !$*UTF8*$!
{
	archiveVersion = 1;
	classes = {
	};
	objectVersion = 56;
	objects = {

/* Begin PBXBuildFile section */
		222017AF2AD003D4004D0112 /* AppDelegate.swift in Sources */ = {isa = PBXBuildFile; fileRef = 222017AE2AD003D4004D0112 /* AppDelegate.swift */; };
		222017B82AD003D6004D0112 /* Assets.xcassets in Resources */ = {isa = PBXBuildFile; fileRef = 222017B72AD003D6004D0112 /* Assets.xcassets */; };
		22DC96CC2AD011F0000248D8 /* Model.swift in Sources */ = {isa = PBXBuildFile; fileRef = 22DC96CB2AD011F0000248D8 /* Model.swift */; };
		22DC96CE2AD011F7000248D8 /* ViewModel.swift in Sources */ = {isa = PBXBuildFile; fileRef = 22DC96CD2AD011F7000248D8 /* ViewModel.swift */; };
		22DC96D02AD011FF000248D8 /* View.swift in Sources */ = {isa = PBXBuildFile; fileRef = 22DC96CF2AD011FF000248D8 /* View.swift */; };
		22DC96D62AD012F3000248D8 /* HomeViewController.swift in Sources */ = {isa = PBXBuildFile; fileRef = 22DC96D52AD012F3000248D8 /* HomeViewController.swift */; };
		22DC96D82AD01308000248D8 /* HomeViewModel.swift in Sources */ = {isa = PBXBuildFile; fileRef = 22DC96D72AD01308000248D8 /* HomeViewModel.swift */; };
		22DC96DA2AD01315000248D8 /* HomeModel.swift in Sources */ = {isa = PBXBuildFile; fileRef = 22DC96D92AD01315000248D8 /* HomeModel.swift */; };
		22DC96DC2AD0173D000248D8 /* Launch Screen.storyboard in Resources */ = {isa = PBXBuildFile; fileRef = 22DC96DB2AD0173D000248D8 /* Launch Screen.storyboard */; };
		22DC96DF2AD0180C000248D8 /* Coordinator.swift in Sources */ = {isa = PBXBuildFile; fileRef = 22DC96DE2AD0180C000248D8 /* Coordinator.swift */; };
/* End PBXBuildFile section */

/* Begin PBXFileReference section */
		222017AB2AD003D4004D0112 /* MVVMC.app */ = {isa = PBXFileReference; explicitFileType = wrapper.application; includeInIndex = 0; path = MVVMC.app; sourceTree = BUILT_PRODUCTS_DIR; };
		222017AE2AD003D4004D0112 /* AppDelegate.swift */ = {isa = PBXFileReference; lastKnownFileType = sourcecode.swift; path = AppDelegate.swift; sourceTree = "<group>"; };
		222017B72AD003D6004D0112 /* Assets.xcassets */ = {isa = PBXFileReference; lastKnownFileType = folder.assetcatalog; path = Assets.xcassets; sourceTree = "<group>"; };
		222017BC2AD003D6004D0112 /* Info.plist */ = {isa = PBXFileReference; lastKnownFileType = text.plist.xml; path = Info.plist; sourceTree = "<group>"; };
		22DC96CB2AD011F0000248D8 /* Model.swift */ = {isa = PBXFileReference; lastKnownFileType = sourcecode.swift; path = Model.swift; sourceTree = "<group>"; };
		22DC96CD2AD011F7000248D8 /* ViewModel.swift */ = {isa = PBXFileReference; lastKnownFileType = sourcecode.swift; path = ViewModel.swift; sourceTree = "<group>"; };
		22DC96CF2AD011FF000248D8 /* View.swift */ = {isa = PBXFileReference; lastKnownFileType = sourcecode.swift; path = View.swift; sourceTree = "<group>"; };
		22DC96D52AD012F3000248D8 /* HomeViewController.swift */ = {isa = PBXFileReference; lastKnownFileType = sourcecode.swift; path = HomeViewController.swift; sourceTree = "<group>"; };
		22DC96D72AD01308000248D8 /* HomeViewModel.swift */ = {isa = PBXFileReference; lastKnownFileType = sourcecode.swift; path = HomeViewModel.swift; sourceTree = "<group>"; };
		22DC96D92AD01315000248D8 /* HomeModel.swift */ = {isa = PBXFileReference; lastKnownFileType = sourcecode.swift; path = HomeModel.swift; sourceTree = "<group>"; };
		22DC96DB2AD0173D000248D8 /* Launch Screen.storyboard */ = {isa = PBXFileReference; lastKnownFileType = file.storyboard; path = "Launch Screen.storyboard"; sourceTree = "<group>"; };
		22DC96DE2AD0180C000248D8 /* Coordinator.swift */ = {isa = PBXFileReference; lastKnownFileType = sourcecode.swift; path = Coordinator.swift; sourceTree = "<group>"; };
/* End PBXFileReference section */

/* Begin PBXFrameworksBuildPhase section */
		222017A82AD003D4004D0112 /* Frameworks */ = {
			isa = PBXFrameworksBuildPhase;
			buildActionMask = 2147483647;
			files = (
			);
			runOnlyForDeploymentPostprocessing = 0;
		};
/* End PBXFrameworksBuildPhase section */

/* Begin PBXGroup section */
		222017A22AD003D4004D0112 = {
			isa = PBXGroup;
			children = (
				222017AD2AD003D4004D0112 /* MVVMC */,
				222017AC2AD003D4004D0112 /* Products */,
			);
			sourceTree = "<group>";
		};
		222017AC2AD003D4004D0112 /* Products */ = {
			isa = PBXGroup;
			children = (
				222017AB2AD003D4004D0112 /* MVVMC.app */,
			);
			name = Products;
			sourceTree = "<group>";
		};
		222017AD2AD003D4004D0112 /* MVVMC */ = {
			isa = PBXGroup;
			children = (
				22B912E32AD00DD9001DDEFB /* Common */,
				22B912E42AD00DEA001DDEFB /* Service */,
				22B912BB2AD006CF001DDEFB /* Module */,
				222017C42AD0047C004D0112 /* AppDelegate */,
				222017C52AD004E5004D0112 /* Resource */,
				22B912BA2AD00661001DDEFB /* Supporting Files */,
			);
			path = MVVMC;
			sourceTree = "<group>";
		};
		222017C42AD0047C004D0112 /* AppDelegate */ = {
			isa = PBXGroup;
			children = (
				222017AE2AD003D4004D0112 /* AppDelegate.swift */,
			);
			path = AppDelegate;
			sourceTree = "<group>";
		};
		222017C52AD004E5004D0112 /* Resource */ = {
			isa = PBXGroup;
			children = (
				222017C62AD0050B004D0112 /* Image */,
				222017C72AD0051C004D0112 /* File */,
			);
			path = Resource;
			sourceTree = "<group>";
		};
		222017C62AD0050B004D0112 /* Image */ = {
			isa = PBXGroup;
			children = (
				222017B72AD003D6004D0112 /* Assets.xcassets */,
			);
			path = Image;
			sourceTree = "<group>";
		};
		222017C72AD0051C004D0112 /* File */ = {
			isa = PBXGroup;
			children = (
			);
			path = File;
			sourceTree = "<group>";
		};
		22B912BA2AD00661001DDEFB /* Supporting Files */ = {
			isa = PBXGroup;
			children = (
				222017BC2AD003D6004D0112 /* Info.plist */,
			);
			path = "Supporting Files";
			sourceTree = "<group>";
		};
		22B912BB2AD006CF001DDEFB /* Module */ = {
			isa = PBXGroup;
			children = (
				22DC96D12AD012B9000248D8 /* Home */,
				22B912DF2AD00849001DDEFB /* Main */,
				22B912DE2AD00842001DDEFB /* Guide */,
				22B912E02AD00850001DDEFB /* Launch */,
			);
			path = Module;
			sourceTree = "<group>";
		};
		22B912DE2AD00842001DDEFB /* Guide */ = {
			isa = PBXGroup;
			children = (
			);
			path = Guide;
			sourceTree = "<group>";
		};
		22B912DF2AD00849001DDEFB /* Main */ = {
			isa = PBXGroup;
			children = (
			);
			path = Main;
			sourceTree = "<group>";
		};
		22B912E02AD00850001DDEFB /* Launch */ = {
			isa = PBXGroup;
			children = (
				22DC96DB2AD0173D000248D8 /* Launch Screen.storyboard */,
			);
			path = Launch;
			sourceTree = "<group>";
		};
		22B912E32AD00DD9001DDEFB /* Common */ = {
			isa = PBXGroup;
			children = (
				22DC96C52AD01189000248D8 /* Infinity */,
			);
			path = Common;
			sourceTree = "<group>";
		};
		22B912E42AD00DEA001DDEFB /* Service */ = {
			isa = PBXGroup;
			children = (
			);
			path = Service;
			sourceTree = "<group>";
		};
		22DC96C52AD01189000248D8 /* Infinity */ = {
			isa = PBXGroup;
			children = (
				22DC96C72AD011CC000248D8 /* Protocol */,
			);
			path = Infinity;
			sourceTree = "<group>";
		};
		22DC96C72AD011CC000248D8 /* Protocol */ = {
			isa = PBXGroup;
			children = (
				22DC96DD2AD017E6000248D8 /* Coordinator */,
				22DC96CA2AD011E4000248D8 /* Model */,
				22DC96C92AD011D6000248D8 /* ViewModel */,
				22DC96C82AD011D2000248D8 /* View */,
			);
			path = Protocol;
			sourceTree = "<group>";
		};
		22DC96C82AD011D2000248D8 /* View */ = {
			isa = PBXGroup;
			children = (
				22DC96CF2AD011FF000248D8 /* View.swift */,
			);
			path = View;
			sourceTree = "<group>";
		};
		22DC96C92AD011D6000248D8 /* ViewModel */ = {
			isa = PBXGroup;
			children = (
				22DC96CD2AD011F7000248D8 /* ViewModel.swift */,
			);
			path = ViewModel;
			sourceTree = "<group>";
		};
		22DC96CA2AD011E4000248D8 /* Model */ = {
			isa = PBXGroup;
			children = (
				22DC96CB2AD011F0000248D8 /* Model.swift */,
			);
			path = Model;
			sourceTree = "<group>";
		};
		22DC96D12AD012B9000248D8 /* Home */ = {
			isa = PBXGroup;
			children = (
				22DC96E02AD0182B000248D8 /* Coordinator */,
				22DC96D42AD012CF000248D8 /* Model */,
				22DC96D32AD012C5000248D8 /* ViewModel */,
				22DC96D22AD012BE000248D8 /* View */,
			);
			path = Home;
			sourceTree = "<group>";
		};
		22DC96D22AD012BE000248D8 /* View */ = {
			isa = PBXGroup;
			children = (
				22DC96D52AD012F3000248D8 /* HomeViewController.swift */,
			);
			path = View;
			sourceTree = "<group>";
		};
		22DC96D32AD012C5000248D8 /* ViewModel */ = {
			isa = PBXGroup;
			children = (
				22DC96D72AD01308000248D8 /* HomeViewModel.swift */,
			);
			path = ViewModel;
			sourceTree = "<group>";
		};
		22DC96D42AD012CF000248D8 /* Model */ = {
			isa = PBXGroup;
			children = (
				22DC96D92AD01315000248D8 /* HomeModel.swift */,
			);
			path = Model;
			sourceTree = "<group>";
		};
		22DC96DD2AD017E6000248D8 /* Coordinator */ = {
			isa = PBXGroup;
			children = (
				22DC96DE2AD0180C000248D8 /* Coordinator.swift */,
			);
			path = Coordinator;
			sourceTree = "<group>";
		};
		22DC96E02AD0182B000248D8 /* Coordinator */ = {
			isa = PBXGroup;
			children = (
			);
			path = Coordinator;
			sourceTree = "<group>";
		};
/* End PBXGroup section */

/* Begin PBXNativeTarget section */
		222017AA2AD003D4004D0112 /* MVVMC */ = {
			isa = PBXNativeTarget;
			buildConfigurationList = 222017BF2AD003D6004D0112 /* Build configuration list for PBXNativeTarget "MVVMC" */;
			buildPhases = (
				222017A72AD003D4004D0112 /* Sources */,
				222017A82AD003D4004D0112 /* Frameworks */,
				222017A92AD003D4004D0112 /* Resources */,
			);
			buildRules = (
			);
			dependencies = (
			);
			name = MVVMC;
			productName = MVVMC;
			productReference = 222017AB2AD003D4004D0112 /* MVVMC.app */;
			productType = "com.apple.product-type.application";
		};
/* End PBXNativeTarget section */

/* Begin PBXProject section */
		222017A32AD003D4004D0112 /* Project object */ = {
			isa = PBXProject;
			attributes = {
				BuildIndependentTargetsInParallel = 1;
				LastSwiftUpdateCheck = 1500;
				LastUpgradeCheck = 1500;
				TargetAttributes = {
					222017AA2AD003D4004D0112 = {
						CreatedOnToolsVersion = 15.0;
					};
				};
			};
			buildConfigurationList = 222017A62AD003D4004D0112 /* Build configuration list for PBXProject "MVVMC" */;
			compatibilityVersion = "Xcode 14.0";
			developmentRegion = en;
			hasScannedForEncodings = 0;
			knownRegions = (
				en,
				Base,
			);
			mainGroup = 222017A22AD003D4004D0112;
			productRefGroup = 222017AC2AD003D4004D0112 /* Products */;
			projectDirPath = "";
			projectRoot = "";
			targets = (
				222017AA2AD003D4004D0112 /* MVVMC */,
			);
		};
/* End PBXProject section */

/* Begin PBXResourcesBuildPhase section */
		222017A92AD003D4004D0112 /* Resources */ = {
			isa = PBXResourcesBuildPhase;
			buildActionMask = 2147483647;
			files = (
				22DC96DC2AD0173D000248D8 /* Launch Screen.storyboard in Resources */,
				222017B82AD003D6004D0112 /* Assets.xcassets in Resources */,
			);
			runOnlyForDeploymentPostprocessing = 0;
		};
/* End PBXResourcesBuildPhase section */

/* Begin PBXSourcesBuildPhase section */
		222017A72AD003D4004D0112 /* Sources */ = {
			isa = PBXSourcesBuildPhase;
			buildActionMask = 2147483647;
			files = (
				22DC96DF2AD0180C000248D8 /* Coordinator.swift in Sources */,
				22DC96D62AD012F3000248D8 /* HomeViewController.swift in Sources */,
				22DC96D82AD01308000248D8 /* HomeViewModel.swift in Sources */,
				22DC96D02AD011FF000248D8 /* View.swift in Sources */,
				22DC96DA2AD01315000248D8 /* HomeModel.swift in Sources */,
				222017AF2AD003D4004D0112 /* AppDelegate.swift in Sources */,
				22DC96CE2AD011F7000248D8 /* ViewModel.swift in Sources */,
				22DC96CC2AD011F0000248D8 /* Model.swift in Sources */,
			);
			runOnlyForDeploymentPostprocessing = 0;
		};
/* End PBXSourcesBuildPhase section */

/* Begin XCBuildConfiguration section */
		222017BD2AD003D6004D0112 /* Debug */ = {
			isa = XCBuildConfiguration;
			buildSettings = {
				ALWAYS_SEARCH_USER_PATHS = NO;
				ASSETCATALOG_COMPILER_GENERATE_SWIFT_ASSET_SYMBOL_EXTENSIONS = YES;
				CLANG_ANALYZER_NONNULL = YES;
				CLANG_ANALYZER_NUMBER_OBJECT_CONVERSION = YES_AGGRESSIVE;
				CLANG_CXX_LANGUAGE_STANDARD = "gnu++20";
				CLANG_ENABLE_MODULES = YES;
				CLANG_ENABLE_OBJC_ARC = YES;
				CLANG_ENABLE_OBJC_WEAK = YES;
				CLANG_WARN_BLOCK_CAPTURE_AUTORELEASING = YES;
				CLANG_WARN_BOOL_CONVERSION = YES;
				CLANG_WARN_COMMA = YES;
				CLANG_WARN_CONSTANT_CONVERSION = YES;
				CLANG_WARN_DEPRECATED_OBJC_IMPLEMENTATIONS = YES;
				CLANG_WARN_DIRECT_OBJC_ISA_USAGE = YES_ERROR;
				CLANG_WARN_DOCUMENTATION_COMMENTS = YES;
				CLANG_WARN_EMPTY_BODY = YES;
				CLANG_WARN_ENUM_CONVERSION = YES;
				CLANG_WARN_INFINITE_RECURSION = YES;
				CLANG_WARN_INT_CONVERSION = YES;
				CLANG_WARN_NON_LITERAL_NULL_CONVERSION = YES;
				CLANG_WARN_OBJC_IMPLICIT_RETAIN_SELF = YES;
				CLANG_WARN_OBJC_LITERAL_CONVERSION = YES;
				CLANG_WARN_OBJC_ROOT_CLASS = YES_ERROR;
				CLANG_WARN_QUOTED_INCLUDE_IN_FRAMEWORK_HEADER = YES;
				CLANG_WARN_RANGE_LOOP_ANALYSIS = YES;
				CLANG_WARN_STRICT_PROTOTYPES = YES;
				CLANG_WARN_SUSPICIOUS_MOVE = YES;
				CLANG_WARN_UNGUARDED_AVAILABILITY = YES_AGGRESSIVE;
				CLANG_WARN_UNREACHABLE_CODE = YES;
				CLANG_WARN__DUPLICATE_METHOD_MATCH = YES;
				COPY_PHASE_STRIP = NO;
				DEBUG_INFORMATION_FORMAT = dwarf;
				ENABLE_STRICT_OBJC_MSGSEND = YES;
				ENABLE_TESTABILITY = YES;
				ENABLE_USER_SCRIPT_SANDBOXING = YES;
				GCC_C_LANGUAGE_STANDARD = gnu17;
				GCC_DYNAMIC_NO_PIC = NO;
				GCC_NO_COMMON_BLOCKS = YES;
				GCC_OPTIMIZATION_LEVEL = 0;
				GCC_PREPROCESSOR_DEFINITIONS = (
					"DEBUG=1",
					"$(inherited)",
				);
				GCC_WARN_64_TO_32_BIT_CONVERSION = YES;
				GCC_WARN_ABOUT_RETURN_TYPE = YES_ERROR;
				GCC_WARN_UNDECLARED_SELECTOR = YES;
				GCC_WARN_UNINITIALIZED_AUTOS = YES_AGGRESSIVE;
				GCC_WARN_UNUSED_FUNCTION = YES;
				GCC_WARN_UNUSED_VARIABLE = YES;
				IPHONEOS_DEPLOYMENT_TARGET = 17.0;
				LOCALIZATION_PREFERS_STRING_CATALOGS = YES;
				MTL_ENABLE_DEBUG_INFO = INCLUDE_SOURCE;
				MTL_FAST_MATH = YES;
				ONLY_ACTIVE_ARCH = YES;
				SDKROOT = iphoneos;
				SWIFT_ACTIVE_COMPILATION_CONDITIONS = "DEBUG $(inherited)";
				SWIFT_OPTIMIZATION_LEVEL = "-Onone";
			};
			name = Debug;
		};
		222017BE2AD003D6004D0112 /* Release */ = {
			isa = XCBuildConfiguration;
			buildSettings = {
				ALWAYS_SEARCH_USER_PATHS = NO;
				ASSETCATALOG_COMPILER_GENERATE_SWIFT_ASSET_SYMBOL_EXTENSIONS = YES;
				CLANG_ANALYZER_NONNULL = YES;
				CLANG_ANALYZER_NUMBER_OBJECT_CONVERSION = YES_AGGRESSIVE;
				CLANG_CXX_LANGUAGE_STANDARD = "gnu++20";
				CLANG_ENABLE_MODULES = YES;
				CLANG_ENABLE_OBJC_ARC = YES;
				CLANG_ENABLE_OBJC_WEAK = YES;
				CLANG_WARN_BLOCK_CAPTURE_AUTORELEASING = YES;
				CLANG_WARN_BOOL_CONVERSION = YES;
				CLANG_WARN_COMMA = YES;
				CLANG_WARN_CONSTANT_CONVERSION = YES;
				CLANG_WARN_DEPRECATED_OBJC_IMPLEMENTATIONS = YES;
				CLANG_WARN_DIRECT_OBJC_ISA_USAGE = YES_ERROR;
				CLANG_WARN_DOCUMENTATION_COMMENTS = YES;
				CLANG_WARN_EMPTY_BODY = YES;
				CLANG_WARN_ENUM_CONVERSION = YES;
				CLANG_WARN_INFINITE_RECURSION = YES;
				CLANG_WARN_INT_CONVERSION = YES;
				CLANG_WARN_NON_LITERAL_NULL_CONVERSION = YES;
				CLANG_WARN_OBJC_IMPLICIT_RETAIN_SELF = YES;
				CLANG_WARN_OBJC_LITERAL_CONVERSION = YES;
				CLANG_WARN_OBJC_ROOT_CLASS = YES_ERROR;
				CLANG_WARN_QUOTED_INCLUDE_IN_FRAMEWORK_HEADER = YES;
				CLANG_WARN_RANGE_LOOP_ANALYSIS = YES;
				CLANG_WARN_STRICT_PROTOTYPES = YES;
				CLANG_WARN_SUSPICIOUS_MOVE = YES;
				CLANG_WARN_UNGUARDED_AVAILABILITY = YES_AGGRESSIVE;
				CLANG_WARN_UNREACHABLE_CODE = YES;
				CLANG_WARN__DUPLICATE_METHOD_MATCH = YES;
				COPY_PHASE_STRIP = NO;
				DEBUG_INFORMATION_FORMAT = "dwarf-with-dsym";
				ENABLE_NS_ASSERTIONS = NO;
				ENABLE_STRICT_OBJC_MSGSEND = YES;
				ENABLE_USER_SCRIPT_SANDBOXING = YES;
				GCC_C_LANGUAGE_STANDARD = gnu17;
				GCC_NO_COMMON_BLOCKS = YES;
				GCC_WARN_64_TO_32_BIT_CONVERSION = YES;
				GCC_WARN_ABOUT_RETURN_TYPE = YES_ERROR;
				GCC_WARN_UNDECLARED_SELECTOR = YES;
				GCC_WARN_UNINITIALIZED_AUTOS = YES_AGGRESSIVE;
				GCC_WARN_UNUSED_FUNCTION = YES;
				GCC_WARN_UNUSED_VARIABLE = YES;
				IPHONEOS_DEPLOYMENT_TARGET = 17.0;
				LOCALIZATION_PREFERS_STRING_CATALOGS = YES;
				MTL_ENABLE_DEBUG_INFO = NO;
				MTL_FAST_MATH = YES;
				SDKROOT = iphoneos;
				SWIFT_COMPILATION_MODE = wholemodule;
				VALIDATE_PRODUCT = YES;
			};
			name = Release;
		};
		222017C02AD003D6004D0112 /* Debug */ = {
			isa = XCBuildConfiguration;
			buildSettings = {
				ASSETCATALOG_COMPILER_APPICON_NAME = AppIcon;
				ASSETCATALOG_COMPILER_GLOBAL_ACCENT_COLOR_NAME = AccentColor;
				CODE_SIGN_STYLE = Automatic;
				CURRENT_PROJECT_VERSION = 1;
				DEVELOPMENT_TEAM = P6962FWAKG;
				GENERATE_INFOPLIST_FILE = YES;
				INFOPLIST_FILE = "MVVMC/Supporting Files/Info.plist";
				INFOPLIST_KEY_UIApplicationSupportsIndirectInputEvents = YES;
				INFOPLIST_KEY_UILaunchStoryboardName = "Launch Screen.storyboard";
				INFOPLIST_KEY_UIMainStoryboardFile = "";
				INFOPLIST_KEY_UISupportedInterfaceOrientations = UIInterfaceOrientationPortrait;
				IPHONEOS_DEPLOYMENT_TARGET = 12.0;
				LD_RUNPATH_SEARCH_PATHS = (
					"$(inherited)",
					"@executable_path/Frameworks",
				);
				MARKETING_VERSION = 1.0;
				PRODUCT_BUNDLE_IDENTIFIER = com.infinity.MVVMC;
				PRODUCT_NAME = "$(TARGET_NAME)";
				SWIFT_EMIT_LOC_STRINGS = YES;
				SWIFT_VERSION = 5.0;
				TARGETED_DEVICE_FAMILY = "1,2";
			};
			name = Debug;
		};
		222017C12AD003D6004D0112 /* Release */ = {
			isa = XCBuildConfiguration;
			buildSettings = {
				ASSETCATALOG_COMPILER_APPICON_NAME = AppIcon;
				ASSETCATALOG_COMPILER_GLOBAL_ACCENT_COLOR_NAME = AccentColor;
				CODE_SIGN_STYLE = Automatic;
				CURRENT_PROJECT_VERSION = 1;
				DEVELOPMENT_TEAM = P6962FWAKG;
				GENERATE_INFOPLIST_FILE = YES;
				INFOPLIST_FILE = "MVVMC/Supporting Files/Info.plist";
				INFOPLIST_KEY_UIApplicationSupportsIndirectInputEvents = YES;
				INFOPLIST_KEY_UILaunchStoryboardName = "Launch Screen.storyboard";
				INFOPLIST_KEY_UIMainStoryboardFile = "";
				INFOPLIST_KEY_UISupportedInterfaceOrientations = UIInterfaceOrientationPortrait;
				IPHONEOS_DEPLOYMENT_TARGET = 12.0;
				LD_RUNPATH_SEARCH_PATHS = (
					"$(inherited)",
					"@executable_path/Frameworks",
				);
				MARKETING_VERSION = 1.0;
				PRODUCT_BUNDLE_IDENTIFIER = com.infinity.MVVMC;
				PRODUCT_NAME = "$(TARGET_NAME)";
				SWIFT_EMIT_LOC_STRINGS = YES;
				SWIFT_VERSION = 5.0;
				TARGETED_DEVICE_FAMILY = "1,2";
			};
			name = Release;
		};
/* End XCBuildConfiguration section */

/* Begin XCConfigurationList section */
		222017A62AD003D4004D0112 /* Build configuration list for PBXProject "MVVMC" */ = {
			isa = XCConfigurationList;
			buildConfigurations = (
				222017BD2AD003D6004D0112 /* Debug */,
				222017BE2AD003D6004D0112 /* Release */,
			);
			defaultConfigurationIsVisible = 0;
			defaultConfigurationName = Release;
		};
		222017BF2AD003D6004D0112 /* Build configuration list for PBXNativeTarget "MVVMC" */ = {
			isa = XCConfigurationList;
			buildConfigurations = (
				222017C02AD003D6004D0112 /* Debug */,
				222017C12AD003D6004D0112 /* Release */,
			);
			defaultConfigurationIsVisible = 0;
			defaultConfigurationName = Release;
		};
/* End XCConfigurationList section */
	};
	rootObject = 222017A32AD003D4004D0112 /* Project object */;
}
