// !$*UTF8*$!
{
	archiveVersion = 1;
	classes = {
	};
	objectVersion = 60;
	objects = {

/* Begin PBXBuildFile section */
		22077DA22AD15B9700B588A1 /* HomeCoordinator.swift in Sources */ = {isa = PBXBuildFile; fileRef = 22077DA12AD15B9700B588A1 /* HomeCoordinator.swift */; };
		220E71E22AEF97E70024CB5D /* CellViewModelOwner.swift in Sources */ = {isa = PBXBuildFile; fileRef = 220E71E12AEF97E70024CB5D /* CellViewModelOwner.swift */; };
		220E71E42AEFA1EF0024CB5D /* UITableViewCell+Reusable.swift in Sources */ = {isa = PBXBuildFile; fileRef = 220E71E32AEFA1EF0024CB5D /* UITableViewCell+Reusable.swift */; };
		222017AF2AD003D4004D0112 /* AppDelegate.swift in Sources */ = {isa = PBXBuildFile; fileRef = 222017AE2AD003D4004D0112 /* AppDelegate.swift */; };
		222017B82AD003D6004D0112 /* Assets.xcassets in Resources */ = {isa = PBXBuildFile; fileRef = 222017B72AD003D6004D0112 /* Assets.xcassets */; };
		222DF6772AD42134008627FF /* GuideModel.swift in Sources */ = {isa = PBXBuildFile; fileRef = 222DF6762AD42134008627FF /* GuideModel.swift */; };
		222DF6792AD4213D008627FF /* GuideViewModel.swift in Sources */ = {isa = PBXBuildFile; fileRef = 222DF6782AD4213D008627FF /* GuideViewModel.swift */; };
		222DF67B2AD4214A008627FF /* GuideCoordinator.swift in Sources */ = {isa = PBXBuildFile; fileRef = 222DF67A2AD4214A008627FF /* GuideCoordinator.swift */; };
		222DF67D2AD42164008627FF /* GuideViewController.swift in Sources */ = {isa = PBXBuildFile; fileRef = 222DF67C2AD42164008627FF /* GuideViewController.swift */; };
		223D919A2AE6DA0C00AA91AD /* HomeModel.swift in Sources */ = {isa = PBXBuildFile; fileRef = 223D91992AE6DA0C00AA91AD /* HomeModel.swift */; };
		225CF6D72AE942F900345E01 /* UIApplication+Run.swift in Sources */ = {isa = PBXBuildFile; fileRef = 225CF6D62AE942F900345E01 /* UIApplication+Run.swift */; };
		225CF6DF2AEBBC1A00345E01 /* JSONEntity.swift in Sources */ = {isa = PBXBuildFile; fileRef = 225CF6DE2AEBBC1A00345E01 /* JSONEntity.swift */; };
		225CF6E62AEC108800345E01 /* NetworkClient.swift in Sources */ = {isa = PBXBuildFile; fileRef = 225CF6E52AEC108800345E01 /* NetworkClient.swift */; };
		225CF6E82AEC122200345E01 /* CacheManager.swift in Sources */ = {isa = PBXBuildFile; fileRef = 225CF6E72AEC122200345E01 /* CacheManager.swift */; };
		2291C5192AD2C99B00C7A023 /* AccountViewController.swift in Sources */ = {isa = PBXBuildFile; fileRef = 2291C5182AD2C99B00C7A023 /* AccountViewController.swift */; };
		2291C51B2AD2C9A700C7A023 /* AccountViewModel.swift in Sources */ = {isa = PBXBuildFile; fileRef = 2291C51A2AD2C9A700C7A023 /* AccountViewModel.swift */; };
		2291C51D2AD2C9C900C7A023 /* AccountModel.swift in Sources */ = {isa = PBXBuildFile; fileRef = 2291C51C2AD2C9C900C7A023 /* AccountModel.swift */; };
		2291C51F2AD2C9D800C7A023 /* AccountCoordinator.swift in Sources */ = {isa = PBXBuildFile; fileRef = 2291C51E2AD2C9D800C7A023 /* AccountCoordinator.swift */; };
		2291C5262AD2D68E00C7A023 /* SettingViewController.swift in Sources */ = {isa = PBXBuildFile; fileRef = 2291C5252AD2D68E00C7A023 /* SettingViewController.swift */; };
		2291C5282AD2D6B100C7A023 /* SettingViewModel.swift in Sources */ = {isa = PBXBuildFile; fileRef = 2291C5272AD2D6B100C7A023 /* SettingViewModel.swift */; };
		2291C52A2AD2D6B900C7A023 /* SettingModel.swift in Sources */ = {isa = PBXBuildFile; fileRef = 2291C5292AD2D6B900C7A023 /* SettingModel.swift */; };
		2291C52C2AD2D6C600C7A023 /* SettingComponent.swift in Sources */ = {isa = PBXBuildFile; fileRef = 2291C52B2AD2D6C600C7A023 /* SettingComponent.swift */; };
		229E85562AED204100F2092A /* ListViewModel.swift in Sources */ = {isa = PBXBuildFile; fileRef = 229E85552AED204000F2092A /* ListViewModel.swift */; };
		229E85602AED23C600F2092A /* CellViewModel.swift in Sources */ = {isa = PBXBuildFile; fileRef = 229E855F2AED23C600F2092A /* CellViewModel.swift */; };
		229E85622AED2A1F00F2092A /* NiblessTableViewCell.swift in Sources */ = {isa = PBXBuildFile; fileRef = 229E85612AED2A1F00F2092A /* NiblessTableViewCell.swift */; };
		229E85712AED424400F2092A /* ProductTableViewCell.swift in Sources */ = {isa = PBXBuildFile; fileRef = 229E85702AED424400F2092A /* ProductTableViewCell.swift */; };
		229E85732AED427400F2092A /* ProductCellViewModel.swift in Sources */ = {isa = PBXBuildFile; fileRef = 229E85722AED427400F2092A /* ProductCellViewModel.swift */; };
		229E85752AED697E00F2092A /* ProductCellViewModelImpl.swift in Sources */ = {isa = PBXBuildFile; fileRef = 229E85742AED697E00F2092A /* ProductCellViewModelImpl.swift */; };
		229E85772AED6E3600F2092A /* ProductEntity.swift in Sources */ = {isa = PBXBuildFile; fileRef = 229E85762AED6E3600F2092A /* ProductEntity.swift */; };
		229E85852AEE7E8C00F2092A /* Response+JSONEntityMapper.swift in Sources */ = {isa = PBXBuildFile; fileRef = 229E85842AEE7E8C00F2092A /* Response+JSONEntityMapper.swift */; };
		229E85872AEE7EDA00F2092A /* PrimitiveSequence+JSONEntityMapper.swift in Sources */ = {isa = PBXBuildFile; fileRef = 229E85862AEE7EDA00F2092A /* PrimitiveSequence+JSONEntityMapper.swift */; };
		229E85942AEE8C1A00F2092A /* Entity.swift in Sources */ = {isa = PBXBuildFile; fileRef = 229E85932AEE8C1A00F2092A /* Entity.swift */; };
		229E859A2AEE8E8B00F2092A /* NiblessCollectionViewCell.swift in Sources */ = {isa = PBXBuildFile; fileRef = 229E85992AEE8E8B00F2092A /* NiblessCollectionViewCell.swift */; };
		229E859D2AEE938F00F2092A /* Reusable.swift in Sources */ = {isa = PBXBuildFile; fileRef = 229E859C2AEE938F00F2092A /* Reusable.swift */; };
		229E85A12AEF5A9B00F2092A /* ViewModelOwner.swift in Sources */ = {isa = PBXBuildFile; fileRef = 229E85A02AEF5A9B00F2092A /* ViewModelOwner.swift */; };
		229E85A32AEF5ADF00F2092A /* ViewModelOwnerInitializable.swift in Sources */ = {isa = PBXBuildFile; fileRef = 229E85A22AEF5ADF00F2092A /* ViewModelOwnerInitializable.swift */; };
		229E85A62AEF5D1300F2092A /* ViewModelOwnerInitializable+UIViewController.swift in Sources */ = {isa = PBXBuildFile; fileRef = 229E85A52AEF5D1300F2092A /* ViewModelOwnerInitializable+UIViewController.swift */; };
		229E85A82AEF6DC500F2092A /* ViewModel+LifecycleSubject.swift in Sources */ = {isa = PBXBuildFile; fileRef = 229E85A72AEF6DC500F2092A /* ViewModel+LifecycleSubject.swift */; };
		229E85AA2AEF750400F2092A /* ViewModelOwner+DisposeBag.swift in Sources */ = {isa = PBXBuildFile; fileRef = 229E85A92AEF750400F2092A /* ViewModelOwner+DisposeBag.swift */; };
		229E85AC2AEF75CC00F2092A /* ViewModel+DisposeBag.swift in Sources */ = {isa = PBXBuildFile; fileRef = 229E85AB2AEF75CC00F2092A /* ViewModel+DisposeBag.swift */; };
		22A3DB942AE54D84009C0B3F /* API.swift in Sources */ = {isa = PBXBuildFile; fileRef = 22A3DB932AE54D84009C0B3F /* API.swift */; };
		22AA8A842AF0CE9000DF188E /* UIApplication+SafeArea.swift in Sources */ = {isa = PBXBuildFile; fileRef = 22AA8A832AF0CE9000DF188E /* UIApplication+SafeArea.swift */; };
		22AA8A882AF0F4A900DF188E /* Pullable.swift in Sources */ = {isa = PBXBuildFile; fileRef = 22AA8A872AF0F4A900DF188E /* Pullable.swift */; };
		22AA8A8A2AF26BF700DF188E /* NiblessTabBarController.swift in Sources */ = {isa = PBXBuildFile; fileRef = 22AA8A892AF26BF700DF188E /* NiblessTabBarController.swift */; };
		22AA8A8D2AF276AC00DF188E /* String+Size.swift in Sources */ = {isa = PBXBuildFile; fileRef = 22AA8A8C2AF276AC00DF188E /* String+Size.swift */; };
		22B432E42AE76EA800EA1831 /* ProductViewModel.swift in Sources */ = {isa = PBXBuildFile; fileRef = 22B432E32AE76EA700EA1831 /* ProductViewModel.swift */; };
		22B432E62AE76F2000EA1831 /* MainViewModel.swift in Sources */ = {isa = PBXBuildFile; fileRef = 22B432E52AE76F2000EA1831 /* MainViewModel.swift */; };
		22B432EA2AE7B5D100EA1831 /* MainModel.swift in Sources */ = {isa = PBXBuildFile; fileRef = 22B432E92AE7B5D100EA1831 /* MainModel.swift */; };
		22B4331F2AE7D3AC00EA1831 /* DeviceModel.swift in Sources */ = {isa = PBXBuildFile; fileRef = 22B433072AE7D3AA00EA1831 /* DeviceModel.swift */; };
		22B433202AE7D3AC00EA1831 /* AutoScale.swift in Sources */ = {isa = PBXBuildFile; fileRef = 22B433082AE7D3AA00EA1831 /* AutoScale.swift */; };
		22B433212AE7D3AC00EA1831 /* NiblessView.swift in Sources */ = {isa = PBXBuildFile; fileRef = 22B4330A2AE7D3AB00EA1831 /* NiblessView.swift */; };
		22B433232AE7D3AC00EA1831 /* NiblessNavigationController.swift in Sources */ = {isa = PBXBuildFile; fileRef = 22B4330C2AE7D3AB00EA1831 /* NiblessNavigationController.swift */; };
		22B433242AE7D3AC00EA1831 /* NiblessViewController.swift in Sources */ = {isa = PBXBuildFile; fileRef = 22B4330D2AE7D3AB00EA1831 /* NiblessViewController.swift */; };
		22B433252AE7D3AC00EA1831 /* UIColor+Hex.swift in Sources */ = {isa = PBXBuildFile; fileRef = 22B4330F2AE7D3AB00EA1831 /* UIColor+Hex.swift */; };
		22B433262AE7D3AC00EA1831 /* ViewModel.swift in Sources */ = {isa = PBXBuildFile; fileRef = 22B433122AE7D3AB00EA1831 /* ViewModel.swift */; };
		22B433292AE7D3AC00EA1831 /* NavigationRouter.swift in Sources */ = {isa = PBXBuildFile; fileRef = 22B433182AE7D3AB00EA1831 /* NavigationRouter.swift */; };
		22B4332A2AE7D3AC00EA1831 /* AppDelegateRouter.swift in Sources */ = {isa = PBXBuildFile; fileRef = 22B433192AE7D3AB00EA1831 /* AppDelegateRouter.swift */; };
		22B4332B2AE7D3AC00EA1831 /* Router.swift in Sources */ = {isa = PBXBuildFile; fileRef = 22B4331A2AE7D3AB00EA1831 /* Router.swift */; };
		22B4332C2AE7D3AC00EA1831 /* Coordinator.swift in Sources */ = {isa = PBXBuildFile; fileRef = 22B4331B2AE7D3AB00EA1831 /* Coordinator.swift */; };
		22B4332D2AE7D3AC00EA1831 /* ModalNavigationRouter.swift in Sources */ = {isa = PBXBuildFile; fileRef = 22B4331C2AE7D3AB00EA1831 /* ModalNavigationRouter.swift */; };
		22B4332E2AE7D3AC00EA1831 /* UIImage+Color.swift in Sources */ = {isa = PBXBuildFile; fileRef = 22B4331E2AE7D3AC00EA1831 /* UIImage+Color.swift */; };
		22D5E3352AD406B70046E3B1 /* ProductViewModelImpl.swift in Sources */ = {isa = PBXBuildFile; fileRef = 22D5E3342AD406B70046E3B1 /* ProductViewModelImpl.swift */; };
		22D5E3372AD406CA0046E3B1 /* ProductTableViewController.swift in Sources */ = {isa = PBXBuildFile; fileRef = 22D5E3362AD406CA0046E3B1 /* ProductTableViewController.swift */; };
		22D5E3392AD406D80046E3B1 /* ProductCoordinator.swift in Sources */ = {isa = PBXBuildFile; fileRef = 22D5E3382AD406D80046E3B1 /* ProductCoordinator.swift */; };
		22D5E33F2AD407EE0046E3B1 /* MainCoordinator.swift in Sources */ = {isa = PBXBuildFile; fileRef = 22D5E33E2AD407EE0046E3B1 /* MainCoordinator.swift */; };
		22D5E3412AD407F80046E3B1 /* MainModelImpl.swift in Sources */ = {isa = PBXBuildFile; fileRef = 22D5E3402AD407F80046E3B1 /* MainModelImpl.swift */; };
		22D5E3432AD408030046E3B1 /* MainViewModelImpl.swift in Sources */ = {isa = PBXBuildFile; fileRef = 22D5E3422AD408030046E3B1 /* MainViewModelImpl.swift */; };
		22D5E3452AD408220046E3B1 /* MainViewController.swift in Sources */ = {isa = PBXBuildFile; fileRef = 22D5E3442AD408220046E3B1 /* MainViewController.swift */; };
		22DC96D62AD012F3000248D8 /* HomeViewController.swift in Sources */ = {isa = PBXBuildFile; fileRef = 22DC96D52AD012F3000248D8 /* HomeViewController.swift */; };
		22DC96D82AD01308000248D8 /* HomeViewModelImpl.swift in Sources */ = {isa = PBXBuildFile; fileRef = 22DC96D72AD01308000248D8 /* HomeViewModelImpl.swift */; };
		22DC96DA2AD01315000248D8 /* HomeModelImpl.swift in Sources */ = {isa = PBXBuildFile; fileRef = 22DC96D92AD01315000248D8 /* HomeModelImpl.swift */; };
		22DC96DC2AD0173D000248D8 /* Launch Screen.storyboard in Resources */ = {isa = PBXBuildFile; fileRef = 22DC96DB2AD0173D000248D8 /* Launch Screen.storyboard */; };
		22FA36F42AE6C30800F74077 /* HomeViewModel.swift in Sources */ = {isa = PBXBuildFile; fileRef = 22FA36F32AE6C30800F74077 /* HomeViewModel.swift */; };
		72C6BD7023857A9D4EF64279 /* Pods_MVVMC.framework in Frameworks */ = {isa = PBXBuildFile; fileRef = CDEDE9F4EBD6250982D0114F /* Pods_MVVMC.framework */; };
/* End PBXBuildFile section */

/* Begin PBXFileReference section */
		17C20DF7D2D6FFADF8BCB586 /* Pods-MVVMC.debug.xcconfig */ = {isa = PBXFileReference; includeInIndex = 1; lastKnownFileType = text.xcconfig; name = "Pods-MVVMC.debug.xcconfig"; path = "Target Support Files/Pods-MVVMC/Pods-MVVMC.debug.xcconfig"; sourceTree = "<group>"; };
		184F8C5CE45C8C1743396B6F /* Pods-MVVMC.release.xcconfig */ = {isa = PBXFileReference; includeInIndex = 1; lastKnownFileType = text.xcconfig; name = "Pods-MVVMC.release.xcconfig"; path = "Target Support Files/Pods-MVVMC/Pods-MVVMC.release.xcconfig"; sourceTree = "<group>"; };
		22077DA12AD15B9700B588A1 /* HomeCoordinator.swift */ = {isa = PBXFileReference; lastKnownFileType = sourcecode.swift; path = HomeCoordinator.swift; sourceTree = "<group>"; };
		220E71E12AEF97E70024CB5D /* CellViewModelOwner.swift */ = {isa = PBXFileReference; lastKnownFileType = sourcecode.swift; path = CellViewModelOwner.swift; sourceTree = "<group>"; };
		220E71E32AEFA1EF0024CB5D /* UITableViewCell+Reusable.swift */ = {isa = PBXFileReference; lastKnownFileType = sourcecode.swift; path = "UITableViewCell+Reusable.swift"; sourceTree = "<group>"; };
		222017AB2AD003D4004D0112 /* MVVMC.app */ = {isa = PBXFileReference; explicitFileType = wrapper.application; includeInIndex = 0; path = MVVMC.app; sourceTree = BUILT_PRODUCTS_DIR; };
		222017AE2AD003D4004D0112 /* AppDelegate.swift */ = {isa = PBXFileReference; lastKnownFileType = sourcecode.swift; path = AppDelegate.swift; sourceTree = "<group>"; };
		222017B72AD003D6004D0112 /* Assets.xcassets */ = {isa = PBXFileReference; lastKnownFileType = folder.assetcatalog; path = Assets.xcassets; sourceTree = "<group>"; };
		222017BC2AD003D6004D0112 /* Info.plist */ = {isa = PBXFileReference; lastKnownFileType = text.plist.xml; path = Info.plist; sourceTree = "<group>"; };
		222DF6762AD42134008627FF /* GuideModel.swift */ = {isa = PBXFileReference; lastKnownFileType = sourcecode.swift; path = GuideModel.swift; sourceTree = "<group>"; };
		222DF6782AD4213D008627FF /* GuideViewModel.swift */ = {isa = PBXFileReference; lastKnownFileType = sourcecode.swift; path = GuideViewModel.swift; sourceTree = "<group>"; };
		222DF67A2AD4214A008627FF /* GuideCoordinator.swift */ = {isa = PBXFileReference; lastKnownFileType = sourcecode.swift; path = GuideCoordinator.swift; sourceTree = "<group>"; };
		222DF67C2AD42164008627FF /* GuideViewController.swift */ = {isa = PBXFileReference; lastKnownFileType = sourcecode.swift; path = GuideViewController.swift; sourceTree = "<group>"; };
		223D91992AE6DA0C00AA91AD /* HomeModel.swift */ = {isa = PBXFileReference; lastKnownFileType = sourcecode.swift; path = HomeModel.swift; sourceTree = "<group>"; };
		225CF6D62AE942F900345E01 /* UIApplication+Run.swift */ = {isa = PBXFileReference; lastKnownFileType = sourcecode.swift; path = "UIApplication+Run.swift"; sourceTree = "<group>"; };
		225CF6DE2AEBBC1A00345E01 /* JSONEntity.swift */ = {isa = PBXFileReference; lastKnownFileType = sourcecode.swift; path = JSONEntity.swift; sourceTree = "<group>"; };
		225CF6E52AEC108800345E01 /* NetworkClient.swift */ = {isa = PBXFileReference; lastKnownFileType = sourcecode.swift; path = NetworkClient.swift; sourceTree = "<group>"; };
		225CF6E72AEC122200345E01 /* CacheManager.swift */ = {isa = PBXFileReference; lastKnownFileType = sourcecode.swift; path = CacheManager.swift; sourceTree = "<group>"; };
		2291C5182AD2C99B00C7A023 /* AccountViewController.swift */ = {isa = PBXFileReference; lastKnownFileType = sourcecode.swift; path = AccountViewController.swift; sourceTree = "<group>"; };
		2291C51A2AD2C9A700C7A023 /* AccountViewModel.swift */ = {isa = PBXFileReference; lastKnownFileType = sourcecode.swift; path = AccountViewModel.swift; sourceTree = "<group>"; };
		2291C51C2AD2C9C900C7A023 /* AccountModel.swift */ = {isa = PBXFileReference; lastKnownFileType = sourcecode.swift; path = AccountModel.swift; sourceTree = "<group>"; };
		2291C51E2AD2C9D800C7A023 /* AccountCoordinator.swift */ = {isa = PBXFileReference; lastKnownFileType = sourcecode.swift; path = AccountCoordinator.swift; sourceTree = "<group>"; };
		2291C5252AD2D68E00C7A023 /* SettingViewController.swift */ = {isa = PBXFileReference; lastKnownFileType = sourcecode.swift; path = SettingViewController.swift; sourceTree = "<group>"; };
		2291C5272AD2D6B100C7A023 /* SettingViewModel.swift */ = {isa = PBXFileReference; lastKnownFileType = sourcecode.swift; path = SettingViewModel.swift; sourceTree = "<group>"; };
		2291C5292AD2D6B900C7A023 /* SettingModel.swift */ = {isa = PBXFileReference; lastKnownFileType = sourcecode.swift; path = SettingModel.swift; sourceTree = "<group>"; };
		2291C52B2AD2D6C600C7A023 /* SettingComponent.swift */ = {isa = PBXFileReference; lastKnownFileType = sourcecode.swift; path = SettingComponent.swift; sourceTree = "<group>"; };
		229E85552AED204000F2092A /* ListViewModel.swift */ = {isa = PBXFileReference; lastKnownFileType = sourcecode.swift; path = ListViewModel.swift; sourceTree = "<group>"; };
		229E855F2AED23C600F2092A /* CellViewModel.swift */ = {isa = PBXFileReference; lastKnownFileType = sourcecode.swift; path = CellViewModel.swift; sourceTree = "<group>"; };
		229E85612AED2A1F00F2092A /* NiblessTableViewCell.swift */ = {isa = PBXFileReference; lastKnownFileType = sourcecode.swift; path = NiblessTableViewCell.swift; sourceTree = "<group>"; };
		229E85702AED424400F2092A /* ProductTableViewCell.swift */ = {isa = PBXFileReference; lastKnownFileType = sourcecode.swift; path = ProductTableViewCell.swift; sourceTree = "<group>"; };
		229E85722AED427400F2092A /* ProductCellViewModel.swift */ = {isa = PBXFileReference; lastKnownFileType = sourcecode.swift; path = ProductCellViewModel.swift; sourceTree = "<group>"; };
		229E85742AED697E00F2092A /* ProductCellViewModelImpl.swift */ = {isa = PBXFileReference; lastKnownFileType = sourcecode.swift; path = ProductCellViewModelImpl.swift; sourceTree = "<group>"; };
		229E85762AED6E3600F2092A /* ProductEntity.swift */ = {isa = PBXFileReference; lastKnownFileType = sourcecode.swift; path = ProductEntity.swift; sourceTree = "<group>"; };
		229E85842AEE7E8C00F2092A /* Response+JSONEntityMapper.swift */ = {isa = PBXFileReference; lastKnownFileType = sourcecode.swift; path = "Response+JSONEntityMapper.swift"; sourceTree = "<group>"; };
		229E85862AEE7EDA00F2092A /* PrimitiveSequence+JSONEntityMapper.swift */ = {isa = PBXFileReference; lastKnownFileType = sourcecode.swift; path = "PrimitiveSequence+JSONEntityMapper.swift"; sourceTree = "<group>"; };
		229E85932AEE8C1A00F2092A /* Entity.swift */ = {isa = PBXFileReference; lastKnownFileType = sourcecode.swift; path = Entity.swift; sourceTree = "<group>"; };
		229E85992AEE8E8B00F2092A /* NiblessCollectionViewCell.swift */ = {isa = PBXFileReference; lastKnownFileType = sourcecode.swift; path = NiblessCollectionViewCell.swift; sourceTree = "<group>"; };
		229E859C2AEE938F00F2092A /* Reusable.swift */ = {isa = PBXFileReference; lastKnownFileType = sourcecode.swift; path = Reusable.swift; sourceTree = "<group>"; };
		229E85A02AEF5A9B00F2092A /* ViewModelOwner.swift */ = {isa = PBXFileReference; lastKnownFileType = sourcecode.swift; path = ViewModelOwner.swift; sourceTree = "<group>"; };
		229E85A22AEF5ADF00F2092A /* ViewModelOwnerInitializable.swift */ = {isa = PBXFileReference; lastKnownFileType = sourcecode.swift; path = ViewModelOwnerInitializable.swift; sourceTree = "<group>"; };
		229E85A52AEF5D1300F2092A /* ViewModelOwnerInitializable+UIViewController.swift */ = {isa = PBXFileReference; lastKnownFileType = sourcecode.swift; path = "ViewModelOwnerInitializable+UIViewController.swift"; sourceTree = "<group>"; };
		229E85A72AEF6DC500F2092A /* ViewModel+LifecycleSubject.swift */ = {isa = PBXFileReference; lastKnownFileType = sourcecode.swift; path = "ViewModel+LifecycleSubject.swift"; sourceTree = "<group>"; };
		229E85A92AEF750400F2092A /* ViewModelOwner+DisposeBag.swift */ = {isa = PBXFileReference; lastKnownFileType = sourcecode.swift; path = "ViewModelOwner+DisposeBag.swift"; sourceTree = "<group>"; };
		229E85AB2AEF75CC00F2092A /* ViewModel+DisposeBag.swift */ = {isa = PBXFileReference; lastKnownFileType = sourcecode.swift; path = "ViewModel+DisposeBag.swift"; sourceTree = "<group>"; };
		22A3DB932AE54D84009C0B3F /* API.swift */ = {isa = PBXFileReference; lastKnownFileType = sourcecode.swift; path = API.swift; sourceTree = "<group>"; };
		22AA8A832AF0CE9000DF188E /* UIApplication+SafeArea.swift */ = {isa = PBXFileReference; lastKnownFileType = sourcecode.swift; path = "UIApplication+SafeArea.swift"; sourceTree = "<group>"; };
		22AA8A872AF0F4A900DF188E /* Pullable.swift */ = {isa = PBXFileReference; lastKnownFileType = sourcecode.swift; path = Pullable.swift; sourceTree = "<group>"; };
		22AA8A892AF26BF700DF188E /* NiblessTabBarController.swift */ = {isa = PBXFileReference; lastKnownFileType = sourcecode.swift; path = NiblessTabBarController.swift; sourceTree = "<group>"; };
		22AA8A8C2AF276AC00DF188E /* String+Size.swift */ = {isa = PBXFileReference; lastKnownFileType = sourcecode.swift; path = "String+Size.swift"; sourceTree = "<group>"; };
		22B432E32AE76EA700EA1831 /* ProductViewModel.swift */ = {isa = PBXFileReference; lastKnownFileType = sourcecode.swift; path = ProductViewModel.swift; sourceTree = "<group>"; };
		22B432E52AE76F2000EA1831 /* MainViewModel.swift */ = {isa = PBXFileReference; lastKnownFileType = sourcecode.swift; path = MainViewModel.swift; sourceTree = "<group>"; };
		22B432E92AE7B5D100EA1831 /* MainModel.swift */ = {isa = PBXFileReference; lastKnownFileType = sourcecode.swift; path = MainModel.swift; sourceTree = "<group>"; };
		22B433072AE7D3AA00EA1831 /* DeviceModel.swift */ = {isa = PBXFileReference; fileEncoding = 4; lastKnownFileType = sourcecode.swift; path = DeviceModel.swift; sourceTree = "<group>"; };
		22B433082AE7D3AA00EA1831 /* AutoScale.swift */ = {isa = PBXFileReference; fileEncoding = 4; lastKnownFileType = sourcecode.swift; path = AutoScale.swift; sourceTree = "<group>"; };
		22B4330A2AE7D3AB00EA1831 /* NiblessView.swift */ = {isa = PBXFileReference; fileEncoding = 4; lastKnownFileType = sourcecode.swift; path = NiblessView.swift; sourceTree = "<group>"; };
		22B4330C2AE7D3AB00EA1831 /* NiblessNavigationController.swift */ = {isa = PBXFileReference; fileEncoding = 4; lastKnownFileType = sourcecode.swift; path = NiblessNavigationController.swift; sourceTree = "<group>"; };
		22B4330D2AE7D3AB00EA1831 /* NiblessViewController.swift */ = {isa = PBXFileReference; fileEncoding = 4; lastKnownFileType = sourcecode.swift; path = NiblessViewController.swift; sourceTree = "<group>"; };
		22B4330F2AE7D3AB00EA1831 /* UIColor+Hex.swift */ = {isa = PBXFileReference; fileEncoding = 4; lastKnownFileType = sourcecode.swift; path = "UIColor+Hex.swift"; sourceTree = "<group>"; };
		22B433122AE7D3AB00EA1831 /* ViewModel.swift */ = {isa = PBXFileReference; fileEncoding = 4; lastKnownFileType = sourcecode.swift; path = ViewModel.swift; sourceTree = "<group>"; };
		22B433182AE7D3AB00EA1831 /* NavigationRouter.swift */ = {isa = PBXFileReference; fileEncoding = 4; lastKnownFileType = sourcecode.swift; path = NavigationRouter.swift; sourceTree = "<group>"; };
		22B433192AE7D3AB00EA1831 /* AppDelegateRouter.swift */ = {isa = PBXFileReference; fileEncoding = 4; lastKnownFileType = sourcecode.swift; path = AppDelegateRouter.swift; sourceTree = "<group>"; };
		22B4331A2AE7D3AB00EA1831 /* Router.swift */ = {isa = PBXFileReference; fileEncoding = 4; lastKnownFileType = sourcecode.swift; path = Router.swift; sourceTree = "<group>"; };
		22B4331B2AE7D3AB00EA1831 /* Coordinator.swift */ = {isa = PBXFileReference; fileEncoding = 4; lastKnownFileType = sourcecode.swift; path = Coordinator.swift; sourceTree = "<group>"; };
		22B4331C2AE7D3AB00EA1831 /* ModalNavigationRouter.swift */ = {isa = PBXFileReference; fileEncoding = 4; lastKnownFileType = sourcecode.swift; path = ModalNavigationRouter.swift; sourceTree = "<group>"; };
		22B4331E2AE7D3AC00EA1831 /* UIImage+Color.swift */ = {isa = PBXFileReference; fileEncoding = 4; lastKnownFileType = sourcecode.swift; path = "UIImage+Color.swift"; sourceTree = "<group>"; };
		22D5E3342AD406B70046E3B1 /* ProductViewModelImpl.swift */ = {isa = PBXFileReference; lastKnownFileType = sourcecode.swift; path = ProductViewModelImpl.swift; sourceTree = "<group>"; };
		22D5E3362AD406CA0046E3B1 /* ProductTableViewController.swift */ = {isa = PBXFileReference; lastKnownFileType = sourcecode.swift; path = ProductTableViewController.swift; sourceTree = "<group>"; };
		22D5E3382AD406D80046E3B1 /* ProductCoordinator.swift */ = {isa = PBXFileReference; lastKnownFileType = sourcecode.swift; path = ProductCoordinator.swift; sourceTree = "<group>"; };
		22D5E33E2AD407EE0046E3B1 /* MainCoordinator.swift */ = {isa = PBXFileReference; lastKnownFileType = sourcecode.swift; path = MainCoordinator.swift; sourceTree = "<group>"; };
		22D5E3402AD407F80046E3B1 /* MainModelImpl.swift */ = {isa = PBXFileReference; lastKnownFileType = sourcecode.swift; path = MainModelImpl.swift; sourceTree = "<group>"; };
		22D5E3422AD408030046E3B1 /* MainViewModelImpl.swift */ = {isa = PBXFileReference; lastKnownFileType = sourcecode.swift; path = MainViewModelImpl.swift; sourceTree = "<group>"; };
		22D5E3442AD408220046E3B1 /* MainViewController.swift */ = {isa = PBXFileReference; lastKnownFileType = sourcecode.swift; path = MainViewController.swift; sourceTree = "<group>"; };
		22DC96D52AD012F3000248D8 /* HomeViewController.swift */ = {isa = PBXFileReference; lastKnownFileType = sourcecode.swift; path = HomeViewController.swift; sourceTree = "<group>"; };
		22DC96D72AD01308000248D8 /* HomeViewModelImpl.swift */ = {isa = PBXFileReference; lastKnownFileType = sourcecode.swift; path = HomeViewModelImpl.swift; sourceTree = "<group>"; };
		22DC96D92AD01315000248D8 /* HomeModelImpl.swift */ = {isa = PBXFileReference; lastKnownFileType = sourcecode.swift; path = HomeModelImpl.swift; sourceTree = "<group>"; };
		22DC96DB2AD0173D000248D8 /* Launch Screen.storyboard */ = {isa = PBXFileReference; lastKnownFileType = file.storyboard; path = "Launch Screen.storyboard"; sourceTree = "<group>"; };
		22FA36F32AE6C30800F74077 /* HomeViewModel.swift */ = {isa = PBXFileReference; lastKnownFileType = sourcecode.swift; path = HomeViewModel.swift; sourceTree = "<group>"; };
		CDEDE9F4EBD6250982D0114F /* Pods_MVVMC.framework */ = {isa = PBXFileReference; explicitFileType = wrapper.framework; includeInIndex = 0; path = Pods_MVVMC.framework; sourceTree = BUILT_PRODUCTS_DIR; };
/* End PBXFileReference section */

/* Begin PBXFrameworksBuildPhase section */
		222017A82AD003D4004D0112 /* Frameworks */ = {
			isa = PBXFrameworksBuildPhase;
			buildActionMask = 2147483647;
			files = (
				72C6BD7023857A9D4EF64279 /* Pods_MVVMC.framework in Frameworks */,
			);
			runOnlyForDeploymentPostprocessing = 0;
		};
/* End PBXFrameworksBuildPhase section */

/* Begin PBXGroup section */
		222017A22AD003D4004D0112 = {
			isa = PBXGroup;
			children = (
				222017AD2AD003D4004D0112 /* MVVMC */,
				222017AC2AD003D4004D0112 /* Products */,
				66913364CEE87F702400D977 /* Pods */,
				8C95519486866887B5775165 /* Frameworks */,
			);
			sourceTree = "<group>";
		};
		222017AC2AD003D4004D0112 /* Products */ = {
			isa = PBXGroup;
			children = (
				222017AB2AD003D4004D0112 /* MVVMC.app */,
			);
			name = Products;
			sourceTree = "<group>";
		};
		222017AD2AD003D4004D0112 /* MVVMC */ = {
			isa = PBXGroup;
			children = (
				22B432EB2AE7D14B00EA1831 /* Common */,
				22B912E42AD00DEA001DDEFB /* Service */,
				22B912BB2AD006CF001DDEFB /* Module */,
				222017C42AD0047C004D0112 /* AppDelegate */,
				222017C52AD004E5004D0112 /* Resource */,
				22B912BA2AD00661001DDEFB /* Supporting Files */,
			);
			path = MVVMC;
			sourceTree = "<group>";
		};
		222017C42AD0047C004D0112 /* AppDelegate */ = {
			isa = PBXGroup;
			children = (
				222017AE2AD003D4004D0112 /* AppDelegate.swift */,
			);
			path = AppDelegate;
			sourceTree = "<group>";
		};
		222017C52AD004E5004D0112 /* Resource */ = {
			isa = PBXGroup;
			children = (
				222017C62AD0050B004D0112 /* Image */,
			);
			path = Resource;
			sourceTree = "<group>";
		};
		222017C62AD0050B004D0112 /* Image */ = {
			isa = PBXGroup;
			children = (
				222017B72AD003D6004D0112 /* Assets.xcassets */,
			);
			path = Image;
			sourceTree = "<group>";
		};
		225CF6D52AE93FB400345E01 /* UIApplication */ = {
			isa = PBXGroup;
			children = (
				225CF6D62AE942F900345E01 /* UIApplication+Run.swift */,
				22AA8A832AF0CE9000DF188E /* UIApplication+SafeArea.swift */,
			);
			path = UIApplication;
			sourceTree = "<group>";
		};
		225CF6D82AEA7AD000345E01 /* RemoteAPI */ = {
			isa = PBXGroup;
			children = (
				22A3DB932AE54D84009C0B3F /* API.swift */,
			);
			path = RemoteAPI;
			sourceTree = "<group>";
		};
		225CF6E22AEC0FE900345E01 /* Repository */ = {
			isa = PBXGroup;
			children = (
				225CF6E42AEC105500345E01 /* Persistence */,
				225CF6E32AEC104000345E01 /* Remote */,
			);
			path = Repository;
			sourceTree = "<group>";
		};
		225CF6E32AEC104000345E01 /* Remote */ = {
			isa = PBXGroup;
			children = (
				225CF6E52AEC108800345E01 /* NetworkClient.swift */,
			);
			path = Remote;
			sourceTree = "<group>";
		};
		225CF6E42AEC105500345E01 /* Persistence */ = {
			isa = PBXGroup;
			children = (
				225CF6E72AEC122200345E01 /* CacheManager.swift */,
			);
			path = Persistence;
			sourceTree = "<group>";
		};
		2291C5132AD2C8DE00C7A023 /* Account */ = {
			isa = PBXGroup;
			children = (
				2291C5142AD2C8EC00C7A023 /* Coordinator */,
				2291C5162AD2C8FD00C7A023 /* ViewModel */,
				2291C5152AD2C8F500C7A023 /* View */,
				2291C5172AD2C90400C7A023 /* Model */,
			);
			path = Account;
			sourceTree = "<group>";
		};
		2291C5142AD2C8EC00C7A023 /* Coordinator */ = {
			isa = PBXGroup;
			children = (
				2291C51E2AD2C9D800C7A023 /* AccountCoordinator.swift */,
			);
			path = Coordinator;
			sourceTree = "<group>";
		};
		2291C5152AD2C8F500C7A023 /* View */ = {
			isa = PBXGroup;
			children = (
				2291C5182AD2C99B00C7A023 /* AccountViewController.swift */,
			);
			path = View;
			sourceTree = "<group>";
		};
		2291C5162AD2C8FD00C7A023 /* ViewModel */ = {
			isa = PBXGroup;
			children = (
				2291C51A2AD2C9A700C7A023 /* AccountViewModel.swift */,
			);
			path = ViewModel;
			sourceTree = "<group>";
		};
		2291C5172AD2C90400C7A023 /* Model */ = {
			isa = PBXGroup;
			children = (
				2291C51C2AD2C9C900C7A023 /* AccountModel.swift */,
			);
			path = Model;
			sourceTree = "<group>";
		};
		2291C5202AD2D63500C7A023 /* Setting */ = {
			isa = PBXGroup;
			children = (
				2291C5242AD2D65700C7A023 /* Component */,
				2291C5222AD2D64700C7A023 /* ViewModel */,
				2291C5212AD2D64300C7A023 /* View */,
				2291C5232AD2D65300C7A023 /* Model */,
			);
			path = Setting;
			sourceTree = "<group>";
		};
		2291C5212AD2D64300C7A023 /* View */ = {
			isa = PBXGroup;
			children = (
				2291C5252AD2D68E00C7A023 /* SettingViewController.swift */,
			);
			path = View;
			sourceTree = "<group>";
		};
		2291C5222AD2D64700C7A023 /* ViewModel */ = {
			isa = PBXGroup;
			children = (
				2291C5272AD2D6B100C7A023 /* SettingViewModel.swift */,
			);
			path = ViewModel;
			sourceTree = "<group>";
		};
		2291C5232AD2D65300C7A023 /* Model */ = {
			isa = PBXGroup;
			children = (
				2291C5292AD2D6B900C7A023 /* SettingModel.swift */,
			);
			path = Model;
			sourceTree = "<group>";
		};
		2291C5242AD2D65700C7A023 /* Component */ = {
			isa = PBXGroup;
			children = (
				2291C52B2AD2D6C600C7A023 /* SettingComponent.swift */,
			);
			path = Component;
			sourceTree = "<group>";
		};
		229E85902AEE8B5900F2092A /* Model */ = {
			isa = PBXGroup;
			children = (
				229E85932AEE8C1A00F2092A /* Entity.swift */,
				225CF6DE2AEBBC1A00345E01 /* JSONEntity.swift */,
				229E85842AEE7E8C00F2092A /* Response+JSONEntityMapper.swift */,
				229E85862AEE7EDA00F2092A /* PrimitiveSequence+JSONEntityMapper.swift */,
			);
			path = Model;
			sourceTree = "<group>";
		};
		229E859B2AEE936500F2092A /* Reusable */ = {
			isa = PBXGroup;
			children = (
				229E859C2AEE938F00F2092A /* Reusable.swift */,
				220E71E32AEFA1EF0024CB5D /* UITableViewCell+Reusable.swift */,
			);
			path = Reusable;
			sourceTree = "<group>";
		};
		229E859E2AEF5A7A00F2092A /* MVVMC+POP */ = {
			isa = PBXGroup;
			children = (
				22B433172AE7D3AB00EA1831 /* Coordinator */,
				229E85A42AEF5B1900F2092A /* ViewModel */,
				229E859F2AEF5A8200F2092A /* View */,
				229E85902AEE8B5900F2092A /* Model */,
			);
			path = "MVVMC+POP";
			sourceTree = "<group>";
		};
		229E859F2AEF5A8200F2092A /* View */ = {
			isa = PBXGroup;
			children = (
				229E85A02AEF5A9B00F2092A /* ViewModelOwner.swift */,
				229E85A92AEF750400F2092A /* ViewModelOwner+DisposeBag.swift */,
				229E85A22AEF5ADF00F2092A /* ViewModelOwnerInitializable.swift */,
				229E85A52AEF5D1300F2092A /* ViewModelOwnerInitializable+UIViewController.swift */,
				220E71E12AEF97E70024CB5D /* CellViewModelOwner.swift */,
			);
			path = View;
			sourceTree = "<group>";
		};
		229E85A42AEF5B1900F2092A /* ViewModel */ = {
			isa = PBXGroup;
			children = (
				22B433122AE7D3AB00EA1831 /* ViewModel.swift */,
				229E85AB2AEF75CC00F2092A /* ViewModel+DisposeBag.swift */,
				229E85A72AEF6DC500F2092A /* ViewModel+LifecycleSubject.swift */,
				229E85552AED204000F2092A /* ListViewModel.swift */,
				229E855F2AED23C600F2092A /* CellViewModel.swift */,
			);
			path = ViewModel;
			sourceTree = "<group>";
		};
		22AA8A862AF0F40E00DF188E /* Pullable */ = {
			isa = PBXGroup;
			children = (
				22AA8A872AF0F4A900DF188E /* Pullable.swift */,
			);
			path = Pullable;
			sourceTree = "<group>";
		};
		22AA8A8B2AF2760600DF188E /* String */ = {
			isa = PBXGroup;
			children = (
				22AA8A8C2AF276AC00DF188E /* String+Size.swift */,
			);
			path = String;
			sourceTree = "<group>";
		};
		22B432EB2AE7D14B00EA1831 /* Common */ = {
			isa = PBXGroup;
			children = (
				229E859E2AEF5A7A00F2092A /* MVVMC+POP */,
				22B433092AE7D3AB00EA1831 /* Nibless */,
				22AA8A862AF0F40E00DF188E /* Pullable */,
				229E859B2AEE936500F2092A /* Reusable */,
				225CF6E22AEC0FE900345E01 /* Repository */,
				22AA8A8B2AF2760600DF188E /* String */,
				22B433062AE7D3AA00EA1831 /* UIAdaptSize */,
				225CF6D52AE93FB400345E01 /* UIApplication */,
				22B4330E2AE7D3AB00EA1831 /* UIColor */,
				22B4331D2AE7D3AC00EA1831 /* UIImage */,
			);
			path = Common;
			sourceTree = "<group>";
		};
		22B433062AE7D3AA00EA1831 /* UIAdaptSize */ = {
			isa = PBXGroup;
			children = (
				22B433072AE7D3AA00EA1831 /* DeviceModel.swift */,
				22B433082AE7D3AA00EA1831 /* AutoScale.swift */,
			);
			path = UIAdaptSize;
			sourceTree = "<group>";
		};
		22B433092AE7D3AB00EA1831 /* Nibless */ = {
			isa = PBXGroup;
			children = (
				22B4330A2AE7D3AB00EA1831 /* NiblessView.swift */,
				22B4330D2AE7D3AB00EA1831 /* NiblessViewController.swift */,
				22B4330C2AE7D3AB00EA1831 /* NiblessNavigationController.swift */,
				22AA8A892AF26BF700DF188E /* NiblessTabBarController.swift */,
				229E85612AED2A1F00F2092A /* NiblessTableViewCell.swift */,
				229E85992AEE8E8B00F2092A /* NiblessCollectionViewCell.swift */,
			);
			path = Nibless;
			sourceTree = "<group>";
		};
		22B4330E2AE7D3AB00EA1831 /* UIColor */ = {
			isa = PBXGroup;
			children = (
				22B4330F2AE7D3AB00EA1831 /* UIColor+Hex.swift */,
			);
			path = UIColor;
			sourceTree = "<group>";
		};
		22B433172AE7D3AB00EA1831 /* Coordinator */ = {
			isa = PBXGroup;
			children = (
				22B4331A2AE7D3AB00EA1831 /* Router.swift */,
				22B433192AE7D3AB00EA1831 /* AppDelegateRouter.swift */,
				22B433182AE7D3AB00EA1831 /* NavigationRouter.swift */,
				22B4331C2AE7D3AB00EA1831 /* ModalNavigationRouter.swift */,
				22B4331B2AE7D3AB00EA1831 /* Coordinator.swift */,
			);
			path = Coordinator;
			sourceTree = "<group>";
		};
		22B4331D2AE7D3AC00EA1831 /* UIImage */ = {
			isa = PBXGroup;
			children = (
				22B4331E2AE7D3AC00EA1831 /* UIImage+Color.swift */,
			);
			path = UIImage;
			sourceTree = "<group>";
		};
		22B912BA2AD00661001DDEFB /* Supporting Files */ = {
			isa = PBXGroup;
			children = (
				222017BC2AD003D6004D0112 /* Info.plist */,
			);
			path = "Supporting Files";
			sourceTree = "<group>";
		};
		22B912BB2AD006CF001DDEFB /* Module */ = {
			isa = PBXGroup;
			children = (
				22DC96D12AD012B9000248D8 /* Home */,
				22D5E32D2AD4067D0046E3B1 /* Product */,
				2291C5132AD2C8DE00C7A023 /* Account */,
				2291C5202AD2D63500C7A023 /* Setting */,
				22B912DF2AD00849001DDEFB /* Main */,
				22B912DE2AD00842001DDEFB /* Guide */,
				22B912E02AD00850001DDEFB /* Launch */,
			);
			path = Module;
			sourceTree = "<group>";
		};
		22B912DE2AD00842001DDEFB /* Guide */ = {
			isa = PBXGroup;
			children = (
				22D5E33D2AD407C30046E3B1 /* Coordinator */,
				22D5E33B2AD407BA0046E3B1 /* ViewModel */,
				22D5E33A2AD407B50046E3B1 /* View */,
				22D5E33C2AD407BF0046E3B1 /* Model */,
			);
			path = Guide;
			sourceTree = "<group>";
		};
		22B912DF2AD00849001DDEFB /* Main */ = {
			isa = PBXGroup;
			children = (
				22D5E32C2AD4066F0046E3B1 /* Coordinator */,
				22D5E32A2AD4065E0046E3B1 /* ViewModel */,
				22D5E3292AD406510046E3B1 /* View */,
				22D5E32B2AD406670046E3B1 /* Model */,
			);
			path = Main;
			sourceTree = "<group>";
		};
		22B912E02AD00850001DDEFB /* Launch */ = {
			isa = PBXGroup;
			children = (
				22DC96DB2AD0173D000248D8 /* Launch Screen.storyboard */,
			);
			path = Launch;
			sourceTree = "<group>";
		};
		22B912E42AD00DEA001DDEFB /* Service */ = {
			isa = PBXGroup;
			children = (
				225CF6D82AEA7AD000345E01 /* RemoteAPI */,
			);
			path = Service;
			sourceTree = "<group>";
		};
		22D5E3292AD406510046E3B1 /* View */ = {
			isa = PBXGroup;
			children = (
				22D5E3442AD408220046E3B1 /* MainViewController.swift */,
			);
			path = View;
			sourceTree = "<group>";
		};
		22D5E32A2AD4065E0046E3B1 /* ViewModel */ = {
			isa = PBXGroup;
			children = (
				22B432E52AE76F2000EA1831 /* MainViewModel.swift */,
				22D5E3422AD408030046E3B1 /* MainViewModelImpl.swift */,
			);
			path = ViewModel;
			sourceTree = "<group>";
		};
		22D5E32B2AD406670046E3B1 /* Model */ = {
			isa = PBXGroup;
			children = (
				22B432E92AE7B5D100EA1831 /* MainModel.swift */,
				22D5E3402AD407F80046E3B1 /* MainModelImpl.swift */,
			);
			path = Model;
			sourceTree = "<group>";
		};
		22D5E32C2AD4066F0046E3B1 /* Coordinator */ = {
			isa = PBXGroup;
			children = (
				22D5E33E2AD407EE0046E3B1 /* MainCoordinator.swift */,
			);
			path = Coordinator;
			sourceTree = "<group>";
		};
		22D5E32D2AD4067D0046E3B1 /* Product */ = {
			isa = PBXGroup;
			children = (
				22D5E3312AD406930046E3B1 /* Coordinator */,
				22D5E32F2AD4068A0046E3B1 /* ViewModel */,
				22D5E32E2AD406850046E3B1 /* View */,
				22D5E3302AD4068E0046E3B1 /* Model */,
			);
			path = Product;
			sourceTree = "<group>";
		};
		22D5E32E2AD406850046E3B1 /* View */ = {
			isa = PBXGroup;
			children = (
				229E85702AED424400F2092A /* ProductTableViewCell.swift */,
				22D5E3362AD406CA0046E3B1 /* ProductTableViewController.swift */,
			);
			path = View;
			sourceTree = "<group>";
		};
		22D5E32F2AD4068A0046E3B1 /* ViewModel */ = {
			isa = PBXGroup;
			children = (
				229E85722AED427400F2092A /* ProductCellViewModel.swift */,
				229E85742AED697E00F2092A /* ProductCellViewModelImpl.swift */,
				22B432E32AE76EA700EA1831 /* ProductViewModel.swift */,
				22D5E3342AD406B70046E3B1 /* ProductViewModelImpl.swift */,
			);
			path = ViewModel;
			sourceTree = "<group>";
		};
		22D5E3302AD4068E0046E3B1 /* Model */ = {
			isa = PBXGroup;
			children = (
				229E85762AED6E3600F2092A /* ProductEntity.swift */,
			);
			path = Model;
			sourceTree = "<group>";
		};
		22D5E3312AD406930046E3B1 /* Coordinator */ = {
			isa = PBXGroup;
			children = (
				22D5E3382AD406D80046E3B1 /* ProductCoordinator.swift */,
			);
			path = Coordinator;
			sourceTree = "<group>";
		};
		22D5E33A2AD407B50046E3B1 /* View */ = {
			isa = PBXGroup;
			children = (
				222DF67C2AD42164008627FF /* GuideViewController.swift */,
			);
			path = View;
			sourceTree = "<group>";
		};
		22D5E33B2AD407BA0046E3B1 /* ViewModel */ = {
			isa = PBXGroup;
			children = (
				222DF6782AD4213D008627FF /* GuideViewModel.swift */,
			);
			path = ViewModel;
			sourceTree = "<group>";
		};
		22D5E33C2AD407BF0046E3B1 /* Model */ = {
			isa = PBXGroup;
			children = (
				222DF6762AD42134008627FF /* GuideModel.swift */,
			);
			path = Model;
			sourceTree = "<group>";
		};
		22D5E33D2AD407C30046E3B1 /* Coordinator */ = {
			isa = PBXGroup;
			children = (
				222DF67A2AD4214A008627FF /* GuideCoordinator.swift */,
			);
			path = Coordinator;
			sourceTree = "<group>";
		};
		22DC96D12AD012B9000248D8 /* Home */ = {
			isa = PBXGroup;
			children = (
				22DC96E02AD0182B000248D8 /* Coordinator */,
				22DC96D32AD012C5000248D8 /* ViewModel */,
				22DC96D22AD012BE000248D8 /* View */,
				22DC96D42AD012CF000248D8 /* Model */,
			);
			path = Home;
			sourceTree = "<group>";
		};
		22DC96D22AD012BE000248D8 /* View */ = {
			isa = PBXGroup;
			children = (
				22DC96D52AD012F3000248D8 /* HomeViewController.swift */,
			);
			path = View;
			sourceTree = "<group>";
		};
		22DC96D32AD012C5000248D8 /* ViewModel */ = {
			isa = PBXGroup;
			children = (
				22FA36F32AE6C30800F74077 /* HomeViewModel.swift */,
				22DC96D72AD01308000248D8 /* HomeViewModelImpl.swift */,
			);
			path = ViewModel;
			sourceTree = "<group>";
		};
		22DC96D42AD012CF000248D8 /* Model */ = {
			isa = PBXGroup;
			children = (
				223D91992AE6DA0C00AA91AD /* HomeModel.swift */,
				22DC96D92AD01315000248D8 /* HomeModelImpl.swift */,
			);
			path = Model;
			sourceTree = "<group>";
		};
		22DC96E02AD0182B000248D8 /* Coordinator */ = {
			isa = PBXGroup;
			children = (
				22077DA12AD15B9700B588A1 /* HomeCoordinator.swift */,
			);
			path = Coordinator;
			sourceTree = "<group>";
		};
		66913364CEE87F702400D977 /* Pods */ = {
			isa = PBXGroup;
			children = (
				17C20DF7D2D6FFADF8BCB586 /* Pods-MVVMC.debug.xcconfig */,
				184F8C5CE45C8C1743396B6F /* Pods-MVVMC.release.xcconfig */,
			);
			path = Pods;
			sourceTree = "<group>";
		};
		8C95519486866887B5775165 /* Frameworks */ = {
			isa = PBXGroup;
			children = (
				CDEDE9F4EBD6250982D0114F /* Pods_MVVMC.framework */,
			);
			name = Frameworks;
			sourceTree = "<group>";
		};
/* End PBXGroup section */

/* Begin PBXNativeTarget section */
		222017AA2AD003D4004D0112 /* MVVMC */ = {
			isa = PBXNativeTarget;
			buildConfigurationList = 222017BF2AD003D6004D0112 /* Build configuration list for PBXNativeTarget "MVVMC" */;
			buildPhases = (
				28E372F6B72C6FB090DB1925 /* [CP] Check Pods Manifest.lock */,
				222017A72AD003D4004D0112 /* Sources */,
				222017A82AD003D4004D0112 /* Frameworks */,
				222017A92AD003D4004D0112 /* Resources */,
				6A478975DA978B4729A6EFFB /* [CP] Embed Pods Frameworks */,
			);
			buildRules = (
			);
			dependencies = (
			);
			name = MVVMC;
			packageProductDependencies = (
			);
			productName = MVVMC;
			productReference = 222017AB2AD003D4004D0112 /* MVVMC.app */;
			productType = "com.apple.product-type.application";
		};
/* End PBXNativeTarget section */

/* Begin PBXProject section */
		222017A32AD003D4004D0112 /* Project object */ = {
			isa = PBXProject;
			attributes = {
				BuildIndependentTargetsInParallel = 1;
				LastSwiftUpdateCheck = 1500;
				LastUpgradeCheck = 1500;
				TargetAttributes = {
					222017AA2AD003D4004D0112 = {
						CreatedOnToolsVersion = 15.0;
					};
				};
			};
			buildConfigurationList = 222017A62AD003D4004D0112 /* Build configuration list for PBXProject "MVVMC" */;
			compatibilityVersion = "Xcode 15.0";
			developmentRegion = en;
			hasScannedForEncodings = 0;
			knownRegions = (
				en,
				Base,
			);
			mainGroup = 222017A22AD003D4004D0112;
			packageReferences = (
			);
			productRefGroup = 222017AC2AD003D4004D0112 /* Products */;
			projectDirPath = "";
			projectRoot = "";
			targets = (
				222017AA2AD003D4004D0112 /* MVVMC */,
			);
		};
/* End PBXProject section */

/* Begin PBXResourcesBuildPhase section */
		222017A92AD003D4004D0112 /* Resources */ = {
			isa = PBXResourcesBuildPhase;
			buildActionMask = 2147483647;
			files = (
				22DC96DC2AD0173D000248D8 /* Launch Screen.storyboard in Resources */,
				222017B82AD003D6004D0112 /* Assets.xcassets in Resources */,
			);
			runOnlyForDeploymentPostprocessing = 0;
		};
/* End PBXResourcesBuildPhase section */

/* Begin PBXShellScriptBuildPhase section */
		28E372F6B72C6FB090DB1925 /* [CP] Check Pods Manifest.lock */ = {
			isa = PBXShellScriptBuildPhase;
			buildActionMask = 2147483647;
			files = (
			);
			inputFileListPaths = (
			);
			inputPaths = (
				"${PODS_PODFILE_DIR_PATH}/Podfile.lock",
				"${PODS_ROOT}/Manifest.lock",
			);
			name = "[CP] Check Pods Manifest.lock";
			outputFileListPaths = (
			);
			outputPaths = (
				"$(DERIVED_FILE_DIR)/Pods-MVVMC-checkManifestLockResult.txt",
			);
			runOnlyForDeploymentPostprocessing = 0;
			shellPath = /bin/sh;
			shellScript = "diff \"${PODS_PODFILE_DIR_PATH}/Podfile.lock\" \"${PODS_ROOT}/Manifest.lock\" > /dev/null\nif [ $? != 0 ] ; then\n    # print error to STDERR\n    echo \"error: The sandbox is not in sync with the Podfile.lock. Run 'pod install' or update your CocoaPods installation.\" >&2\n    exit 1\nfi\n# This output is used by Xcode 'outputs' to avoid re-running this script phase.\necho \"SUCCESS\" > \"${SCRIPT_OUTPUT_FILE_0}\"\n";
			showEnvVarsInLog = 0;
		};
		6A478975DA978B4729A6EFFB /* [CP] Embed Pods Frameworks */ = {
			isa = PBXShellScriptBuildPhase;
			buildActionMask = 2147483647;
			files = (
			);
			inputFileListPaths = (
				"${PODS_ROOT}/Target Support Files/Pods-MVVMC/Pods-MVVMC-frameworks-${CONFIGURATION}-input-files.xcfilelist",
			);
			name = "[CP] Embed Pods Frameworks";
			outputFileListPaths = (
				"${PODS_ROOT}/Target Support Files/Pods-MVVMC/Pods-MVVMC-frameworks-${CONFIGURATION}-output-files.xcfilelist",
			);
			runOnlyForDeploymentPostprocessing = 0;
			shellPath = /bin/sh;
			shellScript = "\"${PODS_ROOT}/Target Support Files/Pods-MVVMC/Pods-MVVMC-frameworks.sh\"\n";
			showEnvVarsInLog = 0;
		};
/* End PBXShellScriptBuildPhase section */

/* Begin PBXSourcesBuildPhase section */
		222017A72AD003D4004D0112 /* Sources */ = {
			isa = PBXSourcesBuildPhase;
			buildActionMask = 2147483647;
			files = (
				22AA8A8A2AF26BF700DF188E /* NiblessTabBarController.swift in Sources */,
				22B432EA2AE7B5D100EA1831 /* MainModel.swift in Sources */,
				229E85A62AEF5D1300F2092A /* ViewModelOwnerInitializable+UIViewController.swift in Sources */,
				22D5E3412AD407F80046E3B1 /* MainModelImpl.swift in Sources */,
				229E85622AED2A1F00F2092A /* NiblessTableViewCell.swift in Sources */,
				222DF67D2AD42164008627FF /* GuideViewController.swift in Sources */,
				229E85852AEE7E8C00F2092A /* Response+JSONEntityMapper.swift in Sources */,
				2291C51D2AD2C9C900C7A023 /* AccountModel.swift in Sources */,
				22B432E42AE76EA800EA1831 /* ProductViewModel.swift in Sources */,
				22077DA22AD15B9700B588A1 /* HomeCoordinator.swift in Sources */,
				22B432E62AE76F2000EA1831 /* MainViewModel.swift in Sources */,
				22B4331F2AE7D3AC00EA1831 /* DeviceModel.swift in Sources */,
				22B433252AE7D3AC00EA1831 /* UIColor+Hex.swift in Sources */,
				22B433202AE7D3AC00EA1831 /* AutoScale.swift in Sources */,
				229E859D2AEE938F00F2092A /* Reusable.swift in Sources */,
				229E85A32AEF5ADF00F2092A /* ViewModelOwnerInitializable.swift in Sources */,
				229E85942AEE8C1A00F2092A /* Entity.swift in Sources */,
				229E85562AED204100F2092A /* ListViewModel.swift in Sources */,
				22D5E3372AD406CA0046E3B1 /* ProductTableViewController.swift in Sources */,
				22D5E3452AD408220046E3B1 /* MainViewController.swift in Sources */,
				229E85A82AEF6DC500F2092A /* ViewModel+LifecycleSubject.swift in Sources */,
				22B433212AE7D3AC00EA1831 /* NiblessView.swift in Sources */,
				229E85752AED697E00F2092A /* ProductCellViewModelImpl.swift in Sources */,
				2291C51F2AD2C9D800C7A023 /* AccountCoordinator.swift in Sources */,
				22A3DB942AE54D84009C0B3F /* API.swift in Sources */,
				225CF6E82AEC122200345E01 /* CacheManager.swift in Sources */,
				2291C5262AD2D68E00C7A023 /* SettingViewController.swift in Sources */,
				22FA36F42AE6C30800F74077 /* HomeViewModel.swift in Sources */,
				22DC96D62AD012F3000248D8 /* HomeViewController.swift in Sources */,
				229E85712AED424400F2092A /* ProductTableViewCell.swift in Sources */,
				2291C51B2AD2C9A700C7A023 /* AccountViewModel.swift in Sources */,
				22B433242AE7D3AC00EA1831 /* NiblessViewController.swift in Sources */,
				22DC96D82AD01308000248D8 /* HomeViewModelImpl.swift in Sources */,
				22B4332B2AE7D3AC00EA1831 /* Router.swift in Sources */,
				222DF6772AD42134008627FF /* GuideModel.swift in Sources */,
				22AA8A882AF0F4A900DF188E /* Pullable.swift in Sources */,
				22B433232AE7D3AC00EA1831 /* NiblessNavigationController.swift in Sources */,
				229E85AC2AEF75CC00F2092A /* ViewModel+DisposeBag.swift in Sources */,
				22AA8A842AF0CE9000DF188E /* UIApplication+SafeArea.swift in Sources */,
				225CF6DF2AEBBC1A00345E01 /* JSONEntity.swift in Sources */,
				229E85872AEE7EDA00F2092A /* PrimitiveSequence+JSONEntityMapper.swift in Sources */,
				22D5E3352AD406B70046E3B1 /* ProductViewModelImpl.swift in Sources */,
				229E85602AED23C600F2092A /* CellViewModel.swift in Sources */,
				2291C5192AD2C99B00C7A023 /* AccountViewController.swift in Sources */,
				22B433292AE7D3AC00EA1831 /* NavigationRouter.swift in Sources */,
				22DC96DA2AD01315000248D8 /* HomeModelImpl.swift in Sources */,
				22AA8A8D2AF276AC00DF188E /* String+Size.swift in Sources */,
				220E71E42AEFA1EF0024CB5D /* UITableViewCell+Reusable.swift in Sources */,
				229E85A12AEF5A9B00F2092A /* ViewModelOwner.swift in Sources */,
				22D5E33F2AD407EE0046E3B1 /* MainCoordinator.swift in Sources */,
				22D5E3392AD406D80046E3B1 /* ProductCoordinator.swift in Sources */,
				22B433262AE7D3AC00EA1831 /* ViewModel.swift in Sources */,
				222017AF2AD003D4004D0112 /* AppDelegate.swift in Sources */,
				229E859A2AEE8E8B00F2092A /* NiblessCollectionViewCell.swift in Sources */,
				22B4332D2AE7D3AC00EA1831 /* ModalNavigationRouter.swift in Sources */,
				222DF67B2AD4214A008627FF /* GuideCoordinator.swift in Sources */,
				229E85772AED6E3600F2092A /* ProductEntity.swift in Sources */,
				2291C52C2AD2D6C600C7A023 /* SettingComponent.swift in Sources */,
				222DF6792AD4213D008627FF /* GuideViewModel.swift in Sources */,
				22B4332E2AE7D3AC00EA1831 /* UIImage+Color.swift in Sources */,
				22B4332C2AE7D3AC00EA1831 /* Coordinator.swift in Sources */,
				220E71E22AEF97E70024CB5D /* CellViewModelOwner.swift in Sources */,
				225CF6D72AE942F900345E01 /* UIApplication+Run.swift in Sources */,
				223D919A2AE6DA0C00AA91AD /* HomeModel.swift in Sources */,
				229E85AA2AEF750400F2092A /* ViewModelOwner+DisposeBag.swift in Sources */,
				225CF6E62AEC108800345E01 /* NetworkClient.swift in Sources */,
				2291C5282AD2D6B100C7A023 /* SettingViewModel.swift in Sources */,
				2291C52A2AD2D6B900C7A023 /* SettingModel.swift in Sources */,
				22D5E3432AD408030046E3B1 /* MainViewModelImpl.swift in Sources */,
				22B4332A2AE7D3AC00EA1831 /* AppDelegateRouter.swift in Sources */,
				229E85732AED427400F2092A /* ProductCellViewModel.swift in Sources */,
			);
			runOnlyForDeploymentPostprocessing = 0;
		};
/* End PBXSourcesBuildPhase section */

/* Begin XCBuildConfiguration section */
		222017BD2AD003D6004D0112 /* Debug */ = {
			isa = XCBuildConfiguration;
			buildSettings = {
				ALWAYS_SEARCH_USER_PATHS = NO;
				ASSETCATALOG_COMPILER_GENERATE_SWIFT_ASSET_SYMBOL_EXTENSIONS = YES;
				CLANG_ANALYZER_NONNULL = YES;
				CLANG_ANALYZER_NUMBER_OBJECT_CONVERSION = YES_AGGRESSIVE;
				CLANG_CXX_LANGUAGE_STANDARD = "gnu++20";
				CLANG_ENABLE_MODULES = YES;
				CLANG_ENABLE_OBJC_ARC = YES;
				CLANG_ENABLE_OBJC_WEAK = YES;
				CLANG_WARN_BLOCK_CAPTURE_AUTORELEASING = YES;
				CLANG_WARN_BOOL_CONVERSION = YES;
				CLANG_WARN_COMMA = YES;
				CLANG_WARN_CONSTANT_CONVERSION = YES;
				CLANG_WARN_DEPRECATED_OBJC_IMPLEMENTATIONS = YES;
				CLANG_WARN_DIRECT_OBJC_ISA_USAGE = YES_ERROR;
				CLANG_WARN_DOCUMENTATION_COMMENTS = YES;
				CLANG_WARN_EMPTY_BODY = YES;
				CLANG_WARN_ENUM_CONVERSION = YES;
				CLANG_WARN_INFINITE_RECURSION = YES;
				CLANG_WARN_INT_CONVERSION = YES;
				CLANG_WARN_NON_LITERAL_NULL_CONVERSION = YES;
				CLANG_WARN_OBJC_IMPLICIT_RETAIN_SELF = YES;
				CLANG_WARN_OBJC_LITERAL_CONVERSION = YES;
				CLANG_WARN_OBJC_ROOT_CLASS = YES_ERROR;
				CLANG_WARN_QUOTED_INCLUDE_IN_FRAMEWORK_HEADER = YES;
				CLANG_WARN_RANGE_LOOP_ANALYSIS = YES;
				CLANG_WARN_STRICT_PROTOTYPES = YES;
				CLANG_WARN_SUSPICIOUS_MOVE = YES;
				CLANG_WARN_UNGUARDED_AVAILABILITY = YES_AGGRESSIVE;
				CLANG_WARN_UNREACHABLE_CODE = YES;
				CLANG_WARN__DUPLICATE_METHOD_MATCH = YES;
				COPY_PHASE_STRIP = NO;
				DEBUG_INFORMATION_FORMAT = dwarf;
				ENABLE_STRICT_OBJC_MSGSEND = YES;
				ENABLE_TESTABILITY = YES;
				ENABLE_USER_SCRIPT_SANDBOXING = YES;
				GCC_C_LANGUAGE_STANDARD = gnu17;
				GCC_DYNAMIC_NO_PIC = NO;
				GCC_NO_COMMON_BLOCKS = YES;
				GCC_OPTIMIZATION_LEVEL = 0;
				GCC_PREPROCESSOR_DEFINITIONS = (
					"DEBUG=1",
					"$(inherited)",
				);
				GCC_WARN_64_TO_32_BIT_CONVERSION = YES;
				GCC_WARN_ABOUT_RETURN_TYPE = YES_ERROR;
				GCC_WARN_UNDECLARED_SELECTOR = YES;
				GCC_WARN_UNINITIALIZED_AUTOS = YES_AGGRESSIVE;
				GCC_WARN_UNUSED_FUNCTION = YES;
				GCC_WARN_UNUSED_VARIABLE = YES;
				IPHONEOS_DEPLOYMENT_TARGET = 12.0;
				LOCALIZATION_PREFERS_STRING_CATALOGS = YES;
				MTL_ENABLE_DEBUG_INFO = INCLUDE_SOURCE;
				MTL_FAST_MATH = YES;
				ONLY_ACTIVE_ARCH = YES;
				SDKROOT = iphoneos;
				SWIFT_ACTIVE_COMPILATION_CONDITIONS = "DEBUG $(inherited)";
				SWIFT_OPTIMIZATION_LEVEL = "-Onone";
			};
			name = Debug;
		};
		222017BE2AD003D6004D0112 /* Release */ = {
			isa = XCBuildConfiguration;
			buildSettings = {
				ALWAYS_SEARCH_USER_PATHS = NO;
				ASSETCATALOG_COMPILER_GENERATE_SWIFT_ASSET_SYMBOL_EXTENSIONS = YES;
				CLANG_ANALYZER_NONNULL = YES;
				CLANG_ANALYZER_NUMBER_OBJECT_CONVERSION = YES_AGGRESSIVE;
				CLANG_CXX_LANGUAGE_STANDARD = "gnu++20";
				CLANG_ENABLE_MODULES = YES;
				CLANG_ENABLE_OBJC_ARC = YES;
				CLANG_ENABLE_OBJC_WEAK = YES;
				CLANG_WARN_BLOCK_CAPTURE_AUTORELEASING = YES;
				CLANG_WARN_BOOL_CONVERSION = YES;
				CLANG_WARN_COMMA = YES;
				CLANG_WARN_CONSTANT_CONVERSION = YES;
				CLANG_WARN_DEPRECATED_OBJC_IMPLEMENTATIONS = YES;
				CLANG_WARN_DIRECT_OBJC_ISA_USAGE = YES_ERROR;
				CLANG_WARN_DOCUMENTATION_COMMENTS = YES;
				CLANG_WARN_EMPTY_BODY = YES;
				CLANG_WARN_ENUM_CONVERSION = YES;
				CLANG_WARN_INFINITE_RECURSION = YES;
				CLANG_WARN_INT_CONVERSION = YES;
				CLANG_WARN_NON_LITERAL_NULL_CONVERSION = YES;
				CLANG_WARN_OBJC_IMPLICIT_RETAIN_SELF = YES;
				CLANG_WARN_OBJC_LITERAL_CONVERSION = YES;
				CLANG_WARN_OBJC_ROOT_CLASS = YES_ERROR;
				CLANG_WARN_QUOTED_INCLUDE_IN_FRAMEWORK_HEADER = YES;
				CLANG_WARN_RANGE_LOOP_ANALYSIS = YES;
				CLANG_WARN_STRICT_PROTOTYPES = YES;
				CLANG_WARN_SUSPICIOUS_MOVE = YES;
				CLANG_WARN_UNGUARDED_AVAILABILITY = YES_AGGRESSIVE;
				CLANG_WARN_UNREACHABLE_CODE = YES;
				CLANG_WARN__DUPLICATE_METHOD_MATCH = YES;
				COPY_PHASE_STRIP = NO;
				DEBUG_INFORMATION_FORMAT = "dwarf-with-dsym";
				ENABLE_NS_ASSERTIONS = NO;
				ENABLE_STRICT_OBJC_MSGSEND = YES;
				ENABLE_USER_SCRIPT_SANDBOXING = YES;
				GCC_C_LANGUAGE_STANDARD = gnu17;
				GCC_NO_COMMON_BLOCKS = YES;
				GCC_WARN_64_TO_32_BIT_CONVERSION = YES;
				GCC_WARN_ABOUT_RETURN_TYPE = YES_ERROR;
				GCC_WARN_UNDECLARED_SELECTOR = YES;
				GCC_WARN_UNINITIALIZED_AUTOS = YES_AGGRESSIVE;
				GCC_WARN_UNUSED_FUNCTION = YES;
				GCC_WARN_UNUSED_VARIABLE = YES;
				IPHONEOS_DEPLOYMENT_TARGET = 12.0;
				LOCALIZATION_PREFERS_STRING_CATALOGS = YES;
				MTL_ENABLE_DEBUG_INFO = NO;
				MTL_FAST_MATH = YES;
				SDKROOT = iphoneos;
				SWIFT_COMPILATION_MODE = wholemodule;
				VALIDATE_PRODUCT = YES;
			};
			name = Release;
		};
		222017C02AD003D6004D0112 /* Debug */ = {
			isa = XCBuildConfiguration;
			baseConfigurationReference = 17C20DF7D2D6FFADF8BCB586 /* Pods-MVVMC.debug.xcconfig */;
			buildSettings = {
				ASSETCATALOG_COMPILER_APPICON_NAME = AppIcon;
				ASSETCATALOG_COMPILER_GLOBAL_ACCENT_COLOR_NAME = AccentColor;
				CODE_SIGN_STYLE = Automatic;
				CURRENT_PROJECT_VERSION = 1;
				DEVELOPMENT_TEAM = P6962FWAKG;
				ENABLE_USER_SCRIPT_SANDBOXING = NO;
				GENERATE_INFOPLIST_FILE = YES;
				INFOPLIST_FILE = "MVVMC/Supporting Files/Info.plist";
				INFOPLIST_KEY_UIApplicationSupportsIndirectInputEvents = YES;
				INFOPLIST_KEY_UILaunchStoryboardName = "Launch Screen.storyboard";
				INFOPLIST_KEY_UIMainStoryboardFile = "";
				INFOPLIST_KEY_UISupportedInterfaceOrientations = UIInterfaceOrientationPortrait;
				IPHONEOS_DEPLOYMENT_TARGET = 12.0;
				LD_RUNPATH_SEARCH_PATHS = (
					"$(inherited)",
					"@executable_path/Frameworks",
				);
				MARKETING_VERSION = 1.0;
				PRODUCT_BUNDLE_IDENTIFIER = com.infinity.MVVMC;
				PRODUCT_NAME = "$(TARGET_NAME)";
				SUPPORTED_PLATFORMS = "iphoneos iphonesimulator";
				SUPPORTS_MACCATALYST = NO;
				SUPPORTS_MAC_DESIGNED_FOR_IPHONE_IPAD = NO;
				SWIFT_EMIT_LOC_STRINGS = YES;
				SWIFT_VERSION = 5.0;
				TARGETED_DEVICE_FAMILY = 1;
			};
			name = Debug;
		};
		222017C12AD003D6004D0112 /* Release */ = {
			isa = XCBuildConfiguration;
			baseConfigurationReference = 184F8C5CE45C8C1743396B6F /* Pods-MVVMC.release.xcconfig */;
			buildSettings = {
				ASSETCATALOG_COMPILER_APPICON_NAME = AppIcon;
				ASSETCATALOG_COMPILER_GLOBAL_ACCENT_COLOR_NAME = AccentColor;
				CODE_SIGN_STYLE = Automatic;
				CURRENT_PROJECT_VERSION = 1;
				DEVELOPMENT_TEAM = P6962FWAKG;
				ENABLE_USER_SCRIPT_SANDBOXING = NO;
				GENERATE_INFOPLIST_FILE = YES;
				INFOPLIST_FILE = "MVVMC/Supporting Files/Info.plist";
				INFOPLIST_KEY_UIApplicationSupportsIndirectInputEvents = YES;
				INFOPLIST_KEY_UILaunchStoryboardName = "Launch Screen.storyboard";
				INFOPLIST_KEY_UIMainStoryboardFile = "";
				INFOPLIST_KEY_UISupportedInterfaceOrientations = UIInterfaceOrientationPortrait;
				IPHONEOS_DEPLOYMENT_TARGET = 12.0;
				LD_RUNPATH_SEARCH_PATHS = (
					"$(inherited)",
					"@executable_path/Frameworks",
				);
				MARKETING_VERSION = 1.0;
				PRODUCT_BUNDLE_IDENTIFIER = com.infinity.MVVMC;
				PRODUCT_NAME = "$(TARGET_NAME)";
				SUPPORTED_PLATFORMS = "iphoneos iphonesimulator";
				SUPPORTS_MACCATALYST = NO;
				SUPPORTS_MAC_DESIGNED_FOR_IPHONE_IPAD = NO;
				SWIFT_EMIT_LOC_STRINGS = YES;
				SWIFT_VERSION = 5.0;
				TARGETED_DEVICE_FAMILY = 1;
			};
			name = Release;
		};
/* End XCBuildConfiguration section */

/* Begin XCConfigurationList section */
		222017A62AD003D4004D0112 /* Build configuration list for PBXProject "MVVMC" */ = {
			isa = XCConfigurationList;
			buildConfigurations = (
				222017BD2AD003D6004D0112 /* Debug */,
				222017BE2AD003D6004D0112 /* Release */,
			);
			defaultConfigurationIsVisible = 0;
			defaultConfigurationName = Release;
		};
		222017BF2AD003D6004D0112 /* Build configuration list for PBXNativeTarget "MVVMC" */ = {
			isa = XCConfigurationList;
			buildConfigurations = (
				222017C02AD003D6004D0112 /* Debug */,
				222017C12AD003D6004D0112 /* Release */,
			);
			defaultConfigurationIsVisible = 0;
			defaultConfigurationName = Release;
		};
/* End XCConfigurationList section */
	};
	rootObject = 222017A32AD003D4004D0112 /* Project object */;
}
